// !$*UTF8*$!
{
	archiveVersion = 1;
	classes = {
	};
	objectVersion = 51;
	objects = {

/* Begin PBXBuildFile section */
		2FF23DC48FBD6BA451C02189 /* Pods_viperPicturesDownloader.framework in Frameworks */ = {isa = PBXBuildFile; fileRef = C8067D29AB86DCAC5BD37D4C /* Pods_viperPicturesDownloader.framework */; };
		D50F505F24D827840042BAD2 /* CustomTableView.swift in Sources */ = {isa = PBXBuildFile; fileRef = D50F505E24D827840042BAD2 /* CustomTableView.swift */; };
		D50F506124D827BB0042BAD2 /* CustomTableViewCell.swift in Sources */ = {isa = PBXBuildFile; fileRef = D50F506024D827BB0042BAD2 /* CustomTableViewCell.swift */; };
		D50F506524D8356D0042BAD2 /* CustomTableViewDataSource.swift in Sources */ = {isa = PBXBuildFile; fileRef = D50F506424D8356D0042BAD2 /* CustomTableViewDataSource.swift */; };
		D50F506724D847350042BAD2 /* MainEntities.swift in Sources */ = {isa = PBXBuildFile; fileRef = D50F506624D847350042BAD2 /* MainEntities.swift */; };
		D50F508D24D851FE0042BAD2 /* NetworkService.swift in Sources */ = {isa = PBXBuildFile; fileRef = D50F508C24D851FE0042BAD2 /* NetworkService.swift */; };
		D50F509624D8523B0042BAD2 /* ImageNameManagerProtocol.swift in Sources */ = {isa = PBXBuildFile; fileRef = D50F508F24D8523A0042BAD2 /* ImageNameManagerProtocol.swift */; };
		D50F509724D8523B0042BAD2 /* FileProviderProtocol.swift in Sources */ = {isa = PBXBuildFile; fileRef = D50F509024D8523A0042BAD2 /* FileProviderProtocol.swift */; };
		D50F509824D8523B0042BAD2 /* ImageProviderProtocol.swift in Sources */ = {isa = PBXBuildFile; fileRef = D50F509124D8523A0042BAD2 /* ImageProviderProtocol.swift */; };
		D50F509924D8523B0042BAD2 /* ImageResizerProtocol.swift in Sources */ = {isa = PBXBuildFile; fileRef = D50F509224D8523A0042BAD2 /* ImageResizerProtocol.swift */; };
		D50F509A24D8523B0042BAD2 /* StorageProviderProtocol.swift in Sources */ = {isa = PBXBuildFile; fileRef = D50F509324D8523B0042BAD2 /* StorageProviderProtocol.swift */; };
		D50F509B24D8523B0042BAD2 /* CustomTableViewProtocol.swift in Sources */ = {isa = PBXBuildFile; fileRef = D50F509424D8523B0042BAD2 /* CustomTableViewProtocol.swift */; };
		D50F509C24D8523B0042BAD2 /* NetworkServiceProtocol.swift in Sources */ = {isa = PBXBuildFile; fileRef = D50F509524D8523B0042BAD2 /* NetworkServiceProtocol.swift */; };
		D50F50A524D852A30042BAD2 /* UserDefaultsWork.swift in Sources */ = {isa = PBXBuildFile; fileRef = D50F509E24D852A20042BAD2 /* UserDefaultsWork.swift */; };
		D50F50A624D852A30042BAD2 /* StorageProvider.swift in Sources */ = {isa = PBXBuildFile; fileRef = D50F509F24D852A20042BAD2 /* StorageProvider.swift */; };
		D50F50A724D852A30042BAD2 /* FileProvider.swift in Sources */ = {isa = PBXBuildFile; fileRef = D50F50A024D852A20042BAD2 /* FileProvider.swift */; };
		D50F50A824D852A30042BAD2 /* ImageNameManager.swift in Sources */ = {isa = PBXBuildFile; fileRef = D50F50A124D852A30042BAD2 /* ImageNameManager.swift */; };
		D50F50A924D852A30042BAD2 /* ZoomAndSnapFlowLayout.swift in Sources */ = {isa = PBXBuildFile; fileRef = D50F50A224D852A30042BAD2 /* ZoomAndSnapFlowLayout.swift */; };
		D50F50AA24D852A30042BAD2 /* ImageProvider.swift in Sources */ = {isa = PBXBuildFile; fileRef = D50F50A324D852A30042BAD2 /* ImageProvider.swift */; };
		D50F50AB24D852A30042BAD2 /* ImageResizer.swift in Sources */ = {isa = PBXBuildFile; fileRef = D50F50A424D852A30042BAD2 /* ImageResizer.swift */; };
		D50F50AF24D8530A0042BAD2 /* UIImageResizeExtension.swift in Sources */ = {isa = PBXBuildFile; fileRef = D50F50AE24D8530A0042BAD2 /* UIImageResizeExtension.swift */; };
		D50F50B124D853880042BAD2 /* CGSizeStringExtension.swift in Sources */ = {isa = PBXBuildFile; fileRef = D50F50B024D853880042BAD2 /* CGSizeStringExtension.swift */; };
		D50F50B624D853C20042BAD2 /* KeyForEncrypte.swift in Sources */ = {isa = PBXBuildFile; fileRef = D50F50B324D853C20042BAD2 /* KeyForEncrypte.swift */; };
		D50F50B724D853C20042BAD2 /* EncryptionManager.swift in Sources */ = {isa = PBXBuildFile; fileRef = D50F50B424D853C20042BAD2 /* EncryptionManager.swift */; };
		D50F50B824D853C20042BAD2 /* EncryptionWork.swift in Sources */ = {isa = PBXBuildFile; fileRef = D50F50B524D853C20042BAD2 /* EncryptionWork.swift */; };
		D50F50BA24D95D360042BAD2 /* CustomTableViewDelegate.swift in Sources */ = {isa = PBXBuildFile; fileRef = D50F50B924D95D360042BAD2 /* CustomTableViewDelegate.swift */; };
		D50F50BD24D996B50042BAD2 /* EncryptionManagerProtocol.swift in Sources */ = {isa = PBXBuildFile; fileRef = D50F50BC24D996B50042BAD2 /* EncryptionManagerProtocol.swift */; };
		D50F50BF24D9A8710042BAD2 /* UserDefaultsWorkProtocol.swift in Sources */ = {isa = PBXBuildFile; fileRef = D50F50BE24D9A8710042BAD2 /* UserDefaultsWorkProtocol.swift */; };
		D56A290524D42DEB00178564 /* AppDelegate.swift in Sources */ = {isa = PBXBuildFile; fileRef = D56A290424D42DEB00178564 /* AppDelegate.swift */; };
		D56A290724D42DEB00178564 /* SceneDelegate.swift in Sources */ = {isa = PBXBuildFile; fileRef = D56A290624D42DEB00178564 /* SceneDelegate.swift */; };
		D56A290924D42DEB00178564 /* MainViewController.swift in Sources */ = {isa = PBXBuildFile; fileRef = D56A290824D42DEB00178564 /* MainViewController.swift */; };
		D56A290C24D42DEB00178564 /* Main.storyboard in Resources */ = {isa = PBXBuildFile; fileRef = D56A290A24D42DEB00178564 /* Main.storyboard */; };
		D56A290E24D42DED00178564 /* Assets.xcassets in Resources */ = {isa = PBXBuildFile; fileRef = D56A290D24D42DED00178564 /* Assets.xcassets */; };
		D56A291124D42DED00178564 /* LaunchScreen.storyboard in Resources */ = {isa = PBXBuildFile; fileRef = D56A290F24D42DED00178564 /* LaunchScreen.storyboard */; };
		D56A291A24D431E500178564 /* MainPresenter.swift in Sources */ = {isa = PBXBuildFile; fileRef = D56A291924D431E500178564 /* MainPresenter.swift */; };
		D56A291C24D431FF00178564 /* MainInteractor.swift in Sources */ = {isa = PBXBuildFile; fileRef = D56A291B24D431FF00178564 /* MainInteractor.swift */; };
		D56A291E24D4320D00178564 /* MainRouter.swift in Sources */ = {isa = PBXBuildFile; fileRef = D56A291D24D4320D00178564 /* MainRouter.swift */; };
		D56A292024D4321F00178564 /* MainConfigurator.swift in Sources */ = {isa = PBXBuildFile; fileRef = D56A291F24D4321F00178564 /* MainConfigurator.swift */; };
		D56A292224D4337500178564 /* MainProtocols.swift in Sources */ = {isa = PBXBuildFile; fileRef = D56A292124D4337500178564 /* MainProtocols.swift */; };
/* End PBXBuildFile section */

/* Begin PBXFileReference section */
		827260D38CD2306C396AE161 /* Pods-viperPicturesDownloader.debug.xcconfig */ = {isa = PBXFileReference; includeInIndex = 1; lastKnownFileType = text.xcconfig; name = "Pods-viperPicturesDownloader.debug.xcconfig"; path = "Target Support Files/Pods-viperPicturesDownloader/Pods-viperPicturesDownloader.debug.xcconfig"; sourceTree = "<group>"; };
		C8067D29AB86DCAC5BD37D4C /* Pods_viperPicturesDownloader.framework */ = {isa = PBXFileReference; explicitFileType = wrapper.framework; includeInIndex = 0; path = Pods_viperPicturesDownloader.framework; sourceTree = BUILT_PRODUCTS_DIR; };
		D50F505E24D827840042BAD2 /* CustomTableView.swift */ = {isa = PBXFileReference; lastKnownFileType = sourcecode.swift; path = CustomTableView.swift; sourceTree = "<group>"; };
		D50F506024D827BB0042BAD2 /* CustomTableViewCell.swift */ = {isa = PBXFileReference; lastKnownFileType = sourcecode.swift; path = CustomTableViewCell.swift; sourceTree = "<group>"; };
		D50F506424D8356D0042BAD2 /* CustomTableViewDataSource.swift */ = {isa = PBXFileReference; lastKnownFileType = sourcecode.swift; path = CustomTableViewDataSource.swift; sourceTree = "<group>"; };
		D50F506624D847350042BAD2 /* MainEntities.swift */ = {isa = PBXFileReference; lastKnownFileType = sourcecode.swift; path = MainEntities.swift; sourceTree = "<group>"; };
		D50F508C24D851FE0042BAD2 /* NetworkService.swift */ = {isa = PBXFileReference; fileEncoding = 4; lastKnownFileType = sourcecode.swift; path = NetworkService.swift; sourceTree = "<group>"; };
		D50F508F24D8523A0042BAD2 /* ImageNameManagerProtocol.swift */ = {isa = PBXFileReference; fileEncoding = 4; lastKnownFileType = sourcecode.swift; path = ImageNameManagerProtocol.swift; sourceTree = "<group>"; };
		D50F509024D8523A0042BAD2 /* FileProviderProtocol.swift */ = {isa = PBXFileReference; fileEncoding = 4; lastKnownFileType = sourcecode.swift; path = FileProviderProtocol.swift; sourceTree = "<group>"; };
		D50F509124D8523A0042BAD2 /* ImageProviderProtocol.swift */ = {isa = PBXFileReference; fileEncoding = 4; lastKnownFileType = sourcecode.swift; path = ImageProviderProtocol.swift; sourceTree = "<group>"; };
		D50F509224D8523A0042BAD2 /* ImageResizerProtocol.swift */ = {isa = PBXFileReference; fileEncoding = 4; lastKnownFileType = sourcecode.swift; path = ImageResizerProtocol.swift; sourceTree = "<group>"; };
		D50F509324D8523B0042BAD2 /* StorageProviderProtocol.swift */ = {isa = PBXFileReference; fileEncoding = 4; lastKnownFileType = sourcecode.swift; path = StorageProviderProtocol.swift; sourceTree = "<group>"; };
		D50F509424D8523B0042BAD2 /* CustomTableViewProtocol.swift */ = {isa = PBXFileReference; fileEncoding = 4; lastKnownFileType = sourcecode.swift; path = CustomTableViewProtocol.swift; sourceTree = "<group>"; };
		D50F509524D8523B0042BAD2 /* NetworkServiceProtocol.swift */ = {isa = PBXFileReference; fileEncoding = 4; lastKnownFileType = sourcecode.swift; path = NetworkServiceProtocol.swift; sourceTree = "<group>"; };
		D50F509E24D852A20042BAD2 /* UserDefaultsWork.swift */ = {isa = PBXFileReference; fileEncoding = 4; lastKnownFileType = sourcecode.swift; path = UserDefaultsWork.swift; sourceTree = "<group>"; };
		D50F509F24D852A20042BAD2 /* StorageProvider.swift */ = {isa = PBXFileReference; fileEncoding = 4; lastKnownFileType = sourcecode.swift; path = StorageProvider.swift; sourceTree = "<group>"; };
		D50F50A024D852A20042BAD2 /* FileProvider.swift */ = {isa = PBXFileReference; fileEncoding = 4; lastKnownFileType = sourcecode.swift; path = FileProvider.swift; sourceTree = "<group>"; };
		D50F50A124D852A30042BAD2 /* ImageNameManager.swift */ = {isa = PBXFileReference; fileEncoding = 4; lastKnownFileType = sourcecode.swift; path = ImageNameManager.swift; sourceTree = "<group>"; };
		D50F50A224D852A30042BAD2 /* ZoomAndSnapFlowLayout.swift */ = {isa = PBXFileReference; fileEncoding = 4; lastKnownFileType = sourcecode.swift; path = ZoomAndSnapFlowLayout.swift; sourceTree = "<group>"; };
		D50F50A324D852A30042BAD2 /* ImageProvider.swift */ = {isa = PBXFileReference; fileEncoding = 4; lastKnownFileType = sourcecode.swift; path = ImageProvider.swift; sourceTree = "<group>"; };
		D50F50A424D852A30042BAD2 /* ImageResizer.swift */ = {isa = PBXFileReference; fileEncoding = 4; lastKnownFileType = sourcecode.swift; path = ImageResizer.swift; sourceTree = "<group>"; };
		D50F50AE24D8530A0042BAD2 /* UIImageResizeExtension.swift */ = {isa = PBXFileReference; fileEncoding = 4; lastKnownFileType = sourcecode.swift; path = UIImageResizeExtension.swift; sourceTree = "<group>"; };
		D50F50B024D853880042BAD2 /* CGSizeStringExtension.swift */ = {isa = PBXFileReference; fileEncoding = 4; lastKnownFileType = sourcecode.swift; path = CGSizeStringExtension.swift; sourceTree = "<group>"; };
		D50F50B324D853C20042BAD2 /* KeyForEncrypte.swift */ = {isa = PBXFileReference; fileEncoding = 4; lastKnownFileType = sourcecode.swift; path = KeyForEncrypte.swift; sourceTree = "<group>"; };
		D50F50B424D853C20042BAD2 /* EncryptionManager.swift */ = {isa = PBXFileReference; fileEncoding = 4; lastKnownFileType = sourcecode.swift; path = EncryptionManager.swift; sourceTree = "<group>"; };
		D50F50B524D853C20042BAD2 /* EncryptionWork.swift */ = {isa = PBXFileReference; fileEncoding = 4; lastKnownFileType = sourcecode.swift; path = EncryptionWork.swift; sourceTree = "<group>"; };
		D50F50B924D95D360042BAD2 /* CustomTableViewDelegate.swift */ = {isa = PBXFileReference; lastKnownFileType = sourcecode.swift; path = CustomTableViewDelegate.swift; sourceTree = "<group>"; };
		D50F50BC24D996B50042BAD2 /* EncryptionManagerProtocol.swift */ = {isa = PBXFileReference; lastKnownFileType = sourcecode.swift; path = EncryptionManagerProtocol.swift; sourceTree = "<group>"; };
		D50F50BE24D9A8710042BAD2 /* UserDefaultsWorkProtocol.swift */ = {isa = PBXFileReference; lastKnownFileType = sourcecode.swift; path = UserDefaultsWorkProtocol.swift; sourceTree = "<group>"; };
		D51DEBB2B094A1CA9AE74478 /* Pods-viperPicturesDownloader.release.xcconfig */ = {isa = PBXFileReference; includeInIndex = 1; lastKnownFileType = text.xcconfig; name = "Pods-viperPicturesDownloader.release.xcconfig"; path = "Target Support Files/Pods-viperPicturesDownloader/Pods-viperPicturesDownloader.release.xcconfig"; sourceTree = "<group>"; };
		D56A290124D42DEB00178564 /* viperPicturesDownloader.app */ = {isa = PBXFileReference; explicitFileType = wrapper.application; includeInIndex = 0; path = viperPicturesDownloader.app; sourceTree = BUILT_PRODUCTS_DIR; };
		D56A290424D42DEB00178564 /* AppDelegate.swift */ = {isa = PBXFileReference; lastKnownFileType = sourcecode.swift; path = AppDelegate.swift; sourceTree = "<group>"; };
		D56A290624D42DEB00178564 /* SceneDelegate.swift */ = {isa = PBXFileReference; lastKnownFileType = sourcecode.swift; path = SceneDelegate.swift; sourceTree = "<group>"; };
		D56A290824D42DEB00178564 /* MainViewController.swift */ = {isa = PBXFileReference; lastKnownFileType = sourcecode.swift; path = MainViewController.swift; sourceTree = "<group>"; };
		D56A290B24D42DEB00178564 /* Base */ = {isa = PBXFileReference; lastKnownFileType = file.storyboard; name = Base; path = Base.lproj/Main.storyboard; sourceTree = "<group>"; };
		D56A290D24D42DED00178564 /* Assets.xcassets */ = {isa = PBXFileReference; lastKnownFileType = folder.assetcatalog; path = Assets.xcassets; sourceTree = "<group>"; };
		D56A291024D42DED00178564 /* Base */ = {isa = PBXFileReference; lastKnownFileType = file.storyboard; name = Base; path = Base.lproj/LaunchScreen.storyboard; sourceTree = "<group>"; };
		D56A291224D42DED00178564 /* Info.plist */ = {isa = PBXFileReference; lastKnownFileType = text.plist.xml; path = Info.plist; sourceTree = "<group>"; };
		D56A291924D431E500178564 /* MainPresenter.swift */ = {isa = PBXFileReference; lastKnownFileType = sourcecode.swift; path = MainPresenter.swift; sourceTree = "<group>"; };
		D56A291B24D431FF00178564 /* MainInteractor.swift */ = {isa = PBXFileReference; lastKnownFileType = sourcecode.swift; path = MainInteractor.swift; sourceTree = "<group>"; };
		D56A291D24D4320D00178564 /* MainRouter.swift */ = {isa = PBXFileReference; lastKnownFileType = sourcecode.swift; path = MainRouter.swift; sourceTree = "<group>"; };
		D56A291F24D4321F00178564 /* MainConfigurator.swift */ = {isa = PBXFileReference; lastKnownFileType = sourcecode.swift; path = MainConfigurator.swift; sourceTree = "<group>"; };
		D56A292124D4337500178564 /* MainProtocols.swift */ = {isa = PBXFileReference; lastKnownFileType = sourcecode.swift; path = MainProtocols.swift; sourceTree = "<group>"; };
/* End PBXFileReference section */

/* Begin PBXFrameworksBuildPhase section */
		D56A28FE24D42DEB00178564 /* Frameworks */ = {
			isa = PBXFrameworksBuildPhase;
			buildActionMask = 2147483647;
			files = (
				2FF23DC48FBD6BA451C02189 /* Pods_viperPicturesDownloader.framework in Frameworks */,
			);
			runOnlyForDeploymentPostprocessing = 0;
		};
/* End PBXFrameworksBuildPhase section */

/* Begin PBXGroup section */
		61D3655B247CA3B0008BD296 /* Frameworks */ = {
			isa = PBXGroup;
			children = (
				C8067D29AB86DCAC5BD37D4C /* Pods_viperPicturesDownloader.framework */,
			);
			name = Frameworks;
			sourceTree = "<group>";
		};
		6A80086DB1B34F46F3988580 /* Pods */ = {
			isa = PBXGroup;
			children = (
				827260D38CD2306C396AE161 /* Pods-viperPicturesDownloader.debug.xcconfig */,
				D51DEBB2B094A1CA9AE74478 /* Pods-viperPicturesDownloader.release.xcconfig */,
			);
			path = Pods;
			sourceTree = "<group>";
		};
		D50F508E24D8521C0042BAD2 /* Network */ = {
			isa = PBXGroup;
			children = (
				D50F508C24D851FE0042BAD2 /* NetworkService.swift */,
			);
			path = Network;
			sourceTree = "<group>";
		};
		D50F509D24D8526B0042BAD2 /* Protocols */ = {
			isa = PBXGroup;
			children = (
				D50F509424D8523B0042BAD2 /* CustomTableViewProtocol.swift */,
				D50F509024D8523A0042BAD2 /* FileProviderProtocol.swift */,
				D50F508F24D8523A0042BAD2 /* ImageNameManagerProtocol.swift */,
				D50F50BC24D996B50042BAD2 /* EncryptionManagerProtocol.swift */,
				D50F509124D8523A0042BAD2 /* ImageProviderProtocol.swift */,
				D50F509224D8523A0042BAD2 /* ImageResizerProtocol.swift */,
				D50F509524D8523B0042BAD2 /* NetworkServiceProtocol.swift */,
				D50F509324D8523B0042BAD2 /* StorageProviderProtocol.swift */,
				D50F50BE24D9A8710042BAD2 /* UserDefaultsWorkProtocol.swift */,
			);
			path = Protocols;
			sourceTree = "<group>";
		};
		D50F50AC24D852AC0042BAD2 /* Services */ = {
			isa = PBXGroup;
			children = (
				D50F50B224D853920042BAD2 /* Encryption */,
				D50F50A024D852A20042BAD2 /* FileProvider.swift */,
				D50F50A124D852A30042BAD2 /* ImageNameManager.swift */,
				D50F50A324D852A30042BAD2 /* ImageProvider.swift */,
				D50F50A424D852A30042BAD2 /* ImageResizer.swift */,
				D50F509F24D852A20042BAD2 /* StorageProvider.swift */,
				D50F509E24D852A20042BAD2 /* UserDefaultsWork.swift */,
				D50F50A224D852A30042BAD2 /* ZoomAndSnapFlowLayout.swift */,
			);
			path = Services;
			sourceTree = "<group>";
		};
		D50F50AD24D852D60042BAD2 /* Extensions */ = {
			isa = PBXGroup;
			children = (
				D50F50B024D853880042BAD2 /* CGSizeStringExtension.swift */,
				D50F50AE24D8530A0042BAD2 /* UIImageResizeExtension.swift */,
			);
			path = Extensions;
			sourceTree = "<group>";
		};
		D50F50B224D853920042BAD2 /* Encryption */ = {
			isa = PBXGroup;
			children = (
				D50F50B424D853C20042BAD2 /* EncryptionManager.swift */,
				D50F50B524D853C20042BAD2 /* EncryptionWork.swift */,
				D50F50B324D853C20042BAD2 /* KeyForEncrypte.swift */,
			);
			path = Encryption;
			sourceTree = "<group>";
		};
		D50F50BB24D963420042BAD2 /* View */ = {
			isa = PBXGroup;
			children = (
				D50F506424D8356D0042BAD2 /* CustomTableViewDataSource.swift */,
				D50F50B924D95D360042BAD2 /* CustomTableViewDelegate.swift */,
				D50F505E24D827840042BAD2 /* CustomTableView.swift */,
				D50F506024D827BB0042BAD2 /* CustomTableViewCell.swift */,
			);
			path = View;
			sourceTree = "<group>";
		};
		D56A28F824D42DEB00178564 = {
			isa = PBXGroup;
			children = (
				D56A290324D42DEB00178564 /* viperPicturesDownloader */,
				D56A290224D42DEB00178564 /* Products */,
				6A80086DB1B34F46F3988580 /* Pods */,
				61D3655B247CA3B0008BD296 /* Frameworks */,
			);
			sourceTree = "<group>";
		};
		D56A290224D42DEB00178564 /* Products */ = {
			isa = PBXGroup;
			children = (
				D56A290124D42DEB00178564 /* viperPicturesDownloader.app */,
			);
			name = Products;
			sourceTree = "<group>";
		};
		D56A290324D42DEB00178564 /* viperPicturesDownloader */ = {
			isa = PBXGroup;
			children = (
				D56A290424D42DEB00178564 /* AppDelegate.swift */,
				D56A290624D42DEB00178564 /* SceneDelegate.swift */,
				D50F50AD24D852D60042BAD2 /* Extensions */,
				D50F50AC24D852AC0042BAD2 /* Services */,
				D50F509D24D8526B0042BAD2 /* Protocols */,
				D50F508E24D8521C0042BAD2 /* Network */,
				D56A291824D431CA00178564 /* Main */,
				D56A290A24D42DEB00178564 /* Main.storyboard */,
				D56A290D24D42DED00178564 /* Assets.xcassets */,
				D56A290F24D42DED00178564 /* LaunchScreen.storyboard */,
				D56A291224D42DED00178564 /* Info.plist */,
			);
			path = viperPicturesDownloader;
			sourceTree = "<group>";
		};
		D56A291824D431CA00178564 /* Main */ = {
			isa = PBXGroup;
			children = (
				D50F50BB24D963420042BAD2 /* View */,
				D56A290824D42DEB00178564 /* MainViewController.swift */,
				D56A291924D431E500178564 /* MainPresenter.swift */,
				D56A291B24D431FF00178564 /* MainInteractor.swift */,
				D56A291D24D4320D00178564 /* MainRouter.swift */,
				D56A291F24D4321F00178564 /* MainConfigurator.swift */,
				D50F506624D847350042BAD2 /* MainEntities.swift */,
				D56A292124D4337500178564 /* MainProtocols.swift */,
			);
			path = Main;
			sourceTree = "<group>";
		};
/* End PBXGroup section */

/* Begin PBXNativeTarget section */
		D56A290024D42DEB00178564 /* viperPicturesDownloader */ = {
			isa = PBXNativeTarget;
			buildConfigurationList = D56A291524D42DED00178564 /* Build configuration list for PBXNativeTarget "viperPicturesDownloader" */;
			buildPhases = (
				7C6D970EC3AF833C17F217DD /* [CP] Check Pods Manifest.lock */,
				D56A28FD24D42DEB00178564 /* Sources */,
				D56A28FE24D42DEB00178564 /* Frameworks */,
				D56A28FF24D42DEB00178564 /* Resources */,
				6256168B3695861A17E96FF7 /* [CP] Embed Pods Frameworks */,
			);
			buildRules = (
			);
			dependencies = (
			);
			name = viperPicturesDownloader;
			productName = viperPicturesDownloader;
			productReference = D56A290124D42DEB00178564 /* viperPicturesDownloader.app */;
			productType = "com.apple.product-type.application";
		};
/* End PBXNativeTarget section */

/* Begin PBXProject section */
		D56A28F924D42DEB00178564 /* Project object */ = {
			isa = PBXProject;
			attributes = {
				LastSwiftUpdateCheck = 1130;
				LastUpgradeCheck = 1130;
				ORGANIZATIONNAME = 18579132;
				TargetAttributes = {
					D56A290024D42DEB00178564 = {
						CreatedOnToolsVersion = 11.3.1;
					};
				};
			};
			buildConfigurationList = D56A28FC24D42DEB00178564 /* Build configuration list for PBXProject "viperPicturesDownloader" */;
			compatibilityVersion = "Xcode 9.3";
			developmentRegion = en;
			hasScannedForEncodings = 0;
			knownRegions = (
				en,
				Base,
			);
			mainGroup = D56A28F824D42DEB00178564;
			productRefGroup = D56A290224D42DEB00178564 /* Products */;
			projectDirPath = "";
			projectRoot = "";
			targets = (
				D56A290024D42DEB00178564 /* viperPicturesDownloader */,
			);
		};
/* End PBXProject section */

/* Begin PBXResourcesBuildPhase section */
		D56A28FF24D42DEB00178564 /* Resources */ = {
			isa = PBXResourcesBuildPhase;
			buildActionMask = 2147483647;
			files = (
				D56A291124D42DED00178564 /* LaunchScreen.storyboard in Resources */,
				D56A290E24D42DED00178564 /* Assets.xcassets in Resources */,
				D56A290C24D42DEB00178564 /* Main.storyboard in Resources */,
			);
			runOnlyForDeploymentPostprocessing = 0;
		};
/* End PBXResourcesBuildPhase section */

/* Begin PBXShellScriptBuildPhase section */
		6256168B3695861A17E96FF7 /* [CP] Embed Pods Frameworks */ = {
			isa = PBXShellScriptBuildPhase;
			buildActionMask = 2147483647;
			files = (
			);
			inputFileListPaths = (
				"${PODS_ROOT}/Target Support Files/Pods-viperPicturesDownloader/Pods-viperPicturesDownloader-frameworks-${CONFIGURATION}-input-files.xcfilelist",
			);
			name = "[CP] Embed Pods Frameworks";
			outputFileListPaths = (
				"${PODS_ROOT}/Target Support Files/Pods-viperPicturesDownloader/Pods-viperPicturesDownloader-frameworks-${CONFIGURATION}-output-files.xcfilelist",
			);
			runOnlyForDeploymentPostprocessing = 0;
			shellPath = /bin/sh;
			shellScript = "\"${PODS_ROOT}/Target Support Files/Pods-viperPicturesDownloader/Pods-viperPicturesDownloader-frameworks.sh\"\n";
			showEnvVarsInLog = 0;
		};
		7C6D970EC3AF833C17F217DD /* [CP] Check Pods Manifest.lock */ = {
			isa = PBXShellScriptBuildPhase;
			buildActionMask = 2147483647;
			files = (
			);
			inputFileListPaths = (
			);
			inputPaths = (
				"${PODS_PODFILE_DIR_PATH}/Podfile.lock",
				"${PODS_ROOT}/Manifest.lock",
			);
			name = "[CP] Check Pods Manifest.lock";
			outputFileListPaths = (
			);
			outputPaths = (
				"$(DERIVED_FILE_DIR)/Pods-viperPicturesDownloader-checkManifestLockResult.txt",
			);
			runOnlyForDeploymentPostprocessing = 0;
			shellPath = /bin/sh;
			shellScript = "diff \"${PODS_PODFILE_DIR_PATH}/Podfile.lock\" \"${PODS_ROOT}/Manifest.lock\" > /dev/null\nif [ $? != 0 ] ; then\n    # print error to STDERR\n    echo \"error: The sandbox is not in sync with the Podfile.lock. Run 'pod install' or update your CocoaPods installation.\" >&2\n    exit 1\nfi\n# This output is used by Xcode 'outputs' to avoid re-running this script phase.\necho \"SUCCESS\" > \"${SCRIPT_OUTPUT_FILE_0}\"\n";
			showEnvVarsInLog = 0;
		};
/* End PBXShellScriptBuildPhase section */

/* Begin PBXSourcesBuildPhase section */
		D56A28FD24D42DEB00178564 /* Sources */ = {
			isa = PBXSourcesBuildPhase;
			buildActionMask = 2147483647;
			files = (
				D50F50BD24D996B50042BAD2 /* EncryptionManagerProtocol.swift in Sources */,
				D50F50A824D852A30042BAD2 /* ImageNameManager.swift in Sources */,
				D56A292224D4337500178564 /* MainProtocols.swift in Sources */,
				D50F506724D847350042BAD2 /* MainEntities.swift in Sources */,
				D50F50AF24D8530A0042BAD2 /* UIImageResizeExtension.swift in Sources */,
				D50F509624D8523B0042BAD2 /* ImageNameManagerProtocol.swift in Sources */,
				D56A290924D42DEB00178564 /* MainViewController.swift in Sources */,
				D50F509C24D8523B0042BAD2 /* NetworkServiceProtocol.swift in Sources */,
				D50F506524D8356D0042BAD2 /* CustomTableViewDataSource.swift in Sources */,
				D50F50AB24D852A30042BAD2 /* ImageResizer.swift in Sources */,
				D50F50B724D853C20042BAD2 /* EncryptionManager.swift in Sources */,
				D56A290524D42DEB00178564 /* AppDelegate.swift in Sources */,
				D50F509824D8523B0042BAD2 /* ImageProviderProtocol.swift in Sources */,
				D56A290724D42DEB00178564 /* SceneDelegate.swift in Sources */,
				D56A291C24D431FF00178564 /* MainInteractor.swift in Sources */,
				D50F50B124D853880042BAD2 /* CGSizeStringExtension.swift in Sources */,
				D50F505F24D827840042BAD2 /* CustomTableView.swift in Sources */,
				D50F509B24D8523B0042BAD2 /* CustomTableViewProtocol.swift in Sources */,
				D50F50A624D852A30042BAD2 /* StorageProvider.swift in Sources */,
				D50F509724D8523B0042BAD2 /* FileProviderProtocol.swift in Sources */,
				D50F506124D827BB0042BAD2 /* CustomTableViewCell.swift in Sources */,
				D50F50A524D852A30042BAD2 /* UserDefaultsWork.swift in Sources */,
				D56A292024D4321F00178564 /* MainConfigurator.swift in Sources */,
				D50F50B624D853C20042BAD2 /* KeyForEncrypte.swift in Sources */,
				D56A291A24D431E500178564 /* MainPresenter.swift in Sources */,
				D50F508D24D851FE0042BAD2 /* NetworkService.swift in Sources */,
				D50F50A924D852A30042BAD2 /* ZoomAndSnapFlowLayout.swift in Sources */,
				D50F509924D8523B0042BAD2 /* ImageResizerProtocol.swift in Sources */,
				D50F50BF24D9A8710042BAD2 /* UserDefaultsWorkProtocol.swift in Sources */,
				D50F509A24D8523B0042BAD2 /* StorageProviderProtocol.swift in Sources */,
				D50F50A724D852A30042BAD2 /* FileProvider.swift in Sources */,
				D50F50B824D853C20042BAD2 /* EncryptionWork.swift in Sources */,
				D50F50AA24D852A30042BAD2 /* ImageProvider.swift in Sources */,
				D50F50BA24D95D360042BAD2 /* CustomTableViewDelegate.swift in Sources */,
				D56A291E24D4320D00178564 /* MainRouter.swift in Sources */,
			);
			runOnlyForDeploymentPostprocessing = 0;
		};
/* End PBXSourcesBuildPhase section */

/* Begin PBXVariantGroup section */
		D56A290A24D42DEB00178564 /* Main.storyboard */ = {
			isa = PBXVariantGroup;
			children = (
				D56A290B24D42DEB00178564 /* Base */,
			);
			name = Main.storyboard;
			sourceTree = "<group>";
		};
		D56A290F24D42DED00178564 /* LaunchScreen.storyboard */ = {
			isa = PBXVariantGroup;
			children = (
				D56A291024D42DED00178564 /* Base */,
			);
			name = LaunchScreen.storyboard;
			sourceTree = "<group>";
		};
/* End PBXVariantGroup section */

/* Begin XCBuildConfiguration section */
		D56A291324D42DED00178564 /* Debug */ = {
			isa = XCBuildConfiguration;
			buildSettings = {
				ALWAYS_SEARCH_USER_PATHS = NO;
				CLANG_ANALYZER_NONNULL = YES;
				CLANG_ANALYZER_NUMBER_OBJECT_CONVERSION = YES_AGGRESSIVE;
				CLANG_CXX_LANGUAGE_STANDARD = "gnu++14";
				CLANG_CXX_LIBRARY = "libc++";
				CLANG_ENABLE_MODULES = YES;
				CLANG_ENABLE_OBJC_ARC = YES;
				CLANG_ENABLE_OBJC_WEAK = YES;
				CLANG_WARN_BLOCK_CAPTURE_AUTORELEASING = YES;
				CLANG_WARN_BOOL_CONVERSION = YES;
				CLANG_WARN_COMMA = YES;
				CLANG_WARN_CONSTANT_CONVERSION = YES;
				CLANG_WARN_DEPRECATED_OBJC_IMPLEMENTATIONS = YES;
				CLANG_WARN_DIRECT_OBJC_ISA_USAGE = YES_ERROR;
				CLANG_WARN_DOCUMENTATION_COMMENTS = YES;
				CLANG_WARN_EMPTY_BODY = YES;
				CLANG_WARN_ENUM_CONVERSION = YES;
				CLANG_WARN_INFINITE_RECURSION = YES;
				CLANG_WARN_INT_CONVERSION = YES;
				CLANG_WARN_NON_LITERAL_NULL_CONVERSION = YES;
				CLANG_WARN_OBJC_IMPLICIT_RETAIN_SELF = YES;
				CLANG_WARN_OBJC_LITERAL_CONVERSION = YES;
				CLANG_WARN_OBJC_ROOT_CLASS = YES_ERROR;
				CLANG_WARN_RANGE_LOOP_ANALYSIS = YES;
				CLANG_WARN_STRICT_PROTOTYPES = YES;
				CLANG_WARN_SUSPICIOUS_MOVE = YES;
				CLANG_WARN_UNGUARDED_AVAILABILITY = YES_AGGRESSIVE;
				CLANG_WARN_UNREACHABLE_CODE = YES;
				CLANG_WARN__DUPLICATE_METHOD_MATCH = YES;
				COPY_PHASE_STRIP = NO;
				DEBUG_INFORMATION_FORMAT = dwarf;
				ENABLE_STRICT_OBJC_MSGSEND = YES;
				ENABLE_TESTABILITY = YES;
				GCC_C_LANGUAGE_STANDARD = gnu11;
				GCC_DYNAMIC_NO_PIC = NO;
				GCC_NO_COMMON_BLOCKS = YES;
				GCC_OPTIMIZATION_LEVEL = 0;
				GCC_PREPROCESSOR_DEFINITIONS = (
					"DEBUG=1",
					"$(inherited)",
				);
				GCC_WARN_64_TO_32_BIT_CONVERSION = YES;
				GCC_WARN_ABOUT_RETURN_TYPE = YES_ERROR;
				GCC_WARN_UNDECLARED_SELECTOR = YES;
				GCC_WARN_UNINITIALIZED_AUTOS = YES_AGGRESSIVE;
				GCC_WARN_UNUSED_FUNCTION = YES;
				GCC_WARN_UNUSED_VARIABLE = YES;
				IPHONEOS_DEPLOYMENT_TARGET = 13.2;
				MTL_ENABLE_DEBUG_INFO = INCLUDE_SOURCE;
				MTL_FAST_MATH = YES;
				ONLY_ACTIVE_ARCH = YES;
				SDKROOT = iphoneos;
				SWIFT_ACTIVE_COMPILATION_CONDITIONS = DEBUG;
				SWIFT_OPTIMIZATION_LEVEL = "-Onone";
			};
			name = Debug;
		};
		D56A291424D42DED00178564 /* Release */ = {
			isa = XCBuildConfiguration;
			buildSettings = {
				ALWAYS_SEARCH_USER_PATHS = NO;
				CLANG_ANALYZER_NONNULL = YES;
				CLANG_ANALYZER_NUMBER_OBJECT_CONVERSION = YES_AGGRESSIVE;
				CLANG_CXX_LANGUAGE_STANDARD = "gnu++14";
				CLANG_CXX_LIBRARY = "libc++";
				CLANG_ENABLE_MODULES = YES;
				CLANG_ENABLE_OBJC_ARC = YES;
				CLANG_ENABLE_OBJC_WEAK = YES;
				CLANG_WARN_BLOCK_CAPTURE_AUTORELEASING = YES;
				CLANG_WARN_BOOL_CONVERSION = YES;
				CLANG_WARN_COMMA = YES;
				CLANG_WARN_CONSTANT_CONVERSION = YES;
				CLANG_WARN_DEPRECATED_OBJC_IMPLEMENTATIONS = YES;
				CLANG_WARN_DIRECT_OBJC_ISA_USAGE = YES_ERROR;
				CLANG_WARN_DOCUMENTATION_COMMENTS = YES;
				CLANG_WARN_EMPTY_BODY = YES;
				CLANG_WARN_ENUM_CONVERSION = YES;
				CLANG_WARN_INFINITE_RECURSION = YES;
				CLANG_WARN_INT_CONVERSION = YES;
				CLANG_WARN_NON_LITERAL_NULL_CONVERSION = YES;
				CLANG_WARN_OBJC_IMPLICIT_RETAIN_SELF = YES;
				CLANG_WARN_OBJC_LITERAL_CONVERSION = YES;
				CLANG_WARN_OBJC_ROOT_CLASS = YES_ERROR;
				CLANG_WARN_RANGE_LOOP_ANALYSIS = YES;
				CLANG_WARN_STRICT_PROTOTYPES = YES;
				CLANG_WARN_SUSPICIOUS_MOVE = YES;
				CLANG_WARN_UNGUARDED_AVAILABILITY = YES_AGGRESSIVE;
				CLANG_WARN_UNREACHABLE_CODE = YES;
				CLANG_WARN__DUPLICATE_METHOD_MATCH = YES;
				COPY_PHASE_STRIP = NO;
				DEBUG_INFORMATION_FORMAT = "dwarf-with-dsym";
				ENABLE_NS_ASSERTIONS = NO;
				ENABLE_STRICT_OBJC_MSGSEND = YES;
				GCC_C_LANGUAGE_STANDARD = gnu11;
				GCC_NO_COMMON_BLOCKS = YES;
				GCC_WARN_64_TO_32_BIT_CONVERSION = YES;
				GCC_WARN_ABOUT_RETURN_TYPE = YES_ERROR;
				GCC_WARN_UNDECLARED_SELECTOR = YES;
				GCC_WARN_UNINITIALIZED_AUTOS = YES_AGGRESSIVE;
				GCC_WARN_UNUSED_FUNCTION = YES;
				GCC_WARN_UNUSED_VARIABLE = YES;
				IPHONEOS_DEPLOYMENT_TARGET = 13.2;
				MTL_ENABLE_DEBUG_INFO = NO;
				MTL_FAST_MATH = YES;
				SDKROOT = iphoneos;
				SWIFT_COMPILATION_MODE = wholemodule;
				SWIFT_OPTIMIZATION_LEVEL = "-O";
				VALIDATE_PRODUCT = YES;
			};
			name = Release;
		};
		D56A291624D42DED00178564 /* Debug */ = {
			isa = XCBuildConfiguration;
			baseConfigurationReference = 827260D38CD2306C396AE161 /* Pods-viperPicturesDownloader.debug.xcconfig */;
			buildSettings = {
				ASSETCATALOG_COMPILER_APPICON_NAME = AppIcon;
				CODE_SIGN_STYLE = Automatic;
				DEVELOPMENT_TEAM = 5D5RK3QAMV;
				INFOPLIST_FILE = viperPicturesDownloader/Info.plist;
				LD_RUNPATH_SEARCH_PATHS = (
					"$(inherited)",
					"@executable_path/Frameworks",
				);
				PRODUCT_BUNDLE_IDENTIFIER = NMZabludovskiy.viperPicturesDownloader;
				PRODUCT_NAME = "$(TARGET_NAME)";
				SWIFT_VERSION = 5.0;
				TARGETED_DEVICE_FAMILY = "1,2";
			};
			name = Debug;
		};
		D56A291724D42DED00178564 /* Release */ = {
			isa = XCBuildConfiguration;
			baseConfigurationReference = D51DEBB2B094A1CA9AE74478 /* Pods-viperPicturesDownloader.release.xcconfig */;
			buildSettings = {
				ASSETCATALOG_COMPILER_APPICON_NAME = AppIcon;
				CODE_SIGN_STYLE = Automatic;
				DEVELOPMENT_TEAM = 5D5RK3QAMV;
				INFOPLIST_FILE = viperPicturesDownloader/Info.plist;
				LD_RUNPATH_SEARCH_PATHS = (
					"$(inherited)",
					"@executable_path/Frameworks",
				);
				PRODUCT_BUNDLE_IDENTIFIER = NMZabludovskiy.viperPicturesDownloader;
				PRODUCT_NAME = "$(TARGET_NAME)";
				SWIFT_VERSION = 5.0;
				TARGETED_DEVICE_FAMILY = "1,2";
			};
			name = Release;
		};
/* End XCBuildConfiguration section */

/* Begin XCConfigurationList section */
		D56A28FC24D42DEB00178564 /* Build configuration list for PBXProject "viperPicturesDownloader" */ = {
			isa = XCConfigurationList;
			buildConfigurations = (
				D56A291324D42DED00178564 /* Debug */,
				D56A291424D42DED00178564 /* Release */,
			);
			defaultConfigurationIsVisible = 0;
			defaultConfigurationName = Release;
		};
		D56A291524D42DED00178564 /* Build configuration list for PBXNativeTarget "viperPicturesDownloader" */ = {
			isa = XCConfigurationList;
			buildConfigurations = (
				D56A291624D42DED00178564 /* Debug */,
				D56A291724D42DED00178564 /* Release */,
			);
			defaultConfigurationIsVisible = 0;
			defaultConfigurationName = Release;
		};
/* End XCConfigurationList section */
	};
	rootObject = D56A28F924D42DEB00178564 /* Project object */;
}
