// !$*UTF8*$!
{
	archiveVersion = 1;
	classes = {
	};
	objectVersion = 51;
	objects = {

/* Begin PBXBuildFile section */
		4F188A2D6393B40C0F9F3F2B /* Pods_ViperPicturesDownloader.framework in Frameworks */ = {isa = PBXBuildFile; fileRef = ABB78EE8CB53CC1D2BF018CD /* Pods_ViperPicturesDownloader.framework */; settings = {ATTRIBUTES = (Required, ); }; };
		D50F505F24D827840042BAD2 /* CustomTableView.swift in Sources */ = {isa = PBXBuildFile; fileRef = D50F505E24D827840042BAD2 /* CustomTableView.swift */; };
		D50F506124D827BB0042BAD2 /* CustomTableViewCell.swift in Sources */ = {isa = PBXBuildFile; fileRef = D50F506024D827BB0042BAD2 /* CustomTableViewCell.swift */; };
		D50F506524D8356D0042BAD2 /* CustomTableViewDataSource.swift in Sources */ = {isa = PBXBuildFile; fileRef = D50F506424D8356D0042BAD2 /* CustomTableViewDataSource.swift */; };
		D50F506724D847350042BAD2 /* Entity.swift in Sources */ = {isa = PBXBuildFile; fileRef = D50F506624D847350042BAD2 /* Entity.swift */; };
		D50F508D24D851FE0042BAD2 /* NetworkService.swift in Sources */ = {isa = PBXBuildFile; fileRef = D50F508C24D851FE0042BAD2 /* NetworkService.swift */; };
		D50F509624D8523B0042BAD2 /* ImageNameManagerProtocol.swift in Sources */ = {isa = PBXBuildFile; fileRef = D50F508F24D8523A0042BAD2 /* ImageNameManagerProtocol.swift */; };
		D50F509724D8523B0042BAD2 /* FileProviderProtocol.swift in Sources */ = {isa = PBXBuildFile; fileRef = D50F509024D8523A0042BAD2 /* FileProviderProtocol.swift */; };
		D50F509924D8523B0042BAD2 /* ImageResizerProtocol.swift in Sources */ = {isa = PBXBuildFile; fileRef = D50F509224D8523A0042BAD2 /* ImageResizerProtocol.swift */; };
		D50F509C24D8523B0042BAD2 /* NetworkServiceProtocol.swift in Sources */ = {isa = PBXBuildFile; fileRef = D50F509524D8523B0042BAD2 /* NetworkServiceProtocol.swift */; };
		D50F50A524D852A30042BAD2 /* UserDefaultsWork.swift in Sources */ = {isa = PBXBuildFile; fileRef = D50F509E24D852A20042BAD2 /* UserDefaultsWork.swift */; };
		D50F50A724D852A30042BAD2 /* FileProvider.swift in Sources */ = {isa = PBXBuildFile; fileRef = D50F50A024D852A20042BAD2 /* FileProvider.swift */; };
		D50F50A824D852A30042BAD2 /* ImageNameManager.swift in Sources */ = {isa = PBXBuildFile; fileRef = D50F50A124D852A30042BAD2 /* ImageNameManager.swift */; };
		D50F50A924D852A30042BAD2 /* ZoomAndSnapFlowLayout.swift in Sources */ = {isa = PBXBuildFile; fileRef = D50F50A224D852A30042BAD2 /* ZoomAndSnapFlowLayout.swift */; };
		D50F50AB24D852A30042BAD2 /* ImageResizer.swift in Sources */ = {isa = PBXBuildFile; fileRef = D50F50A424D852A30042BAD2 /* ImageResizer.swift */; };
		D50F50AF24D8530A0042BAD2 /* UIImageResizeExtension.swift in Sources */ = {isa = PBXBuildFile; fileRef = D50F50AE24D8530A0042BAD2 /* UIImageResizeExtension.swift */; };
		D50F50B124D853880042BAD2 /* CGSizeStringExtension.swift in Sources */ = {isa = PBXBuildFile; fileRef = D50F50B024D853880042BAD2 /* CGSizeStringExtension.swift */; };
		D50F50B624D853C20042BAD2 /* KeyForEncrypte.swift in Sources */ = {isa = PBXBuildFile; fileRef = D50F50B324D853C20042BAD2 /* KeyForEncrypte.swift */; };
		D50F50B724D853C20042BAD2 /* EncryptionManager.swift in Sources */ = {isa = PBXBuildFile; fileRef = D50F50B424D853C20042BAD2 /* EncryptionManager.swift */; };
		D50F50B824D853C20042BAD2 /* EncryptionWork.swift in Sources */ = {isa = PBXBuildFile; fileRef = D50F50B524D853C20042BAD2 /* EncryptionWork.swift */; };
		D50F50BA24D95D360042BAD2 /* CustomTableViewDelegate.swift in Sources */ = {isa = PBXBuildFile; fileRef = D50F50B924D95D360042BAD2 /* CustomTableViewDelegate.swift */; };
		D50F50BD24D996B50042BAD2 /* EncryptionManagerProtocol.swift in Sources */ = {isa = PBXBuildFile; fileRef = D50F50BC24D996B50042BAD2 /* EncryptionManagerProtocol.swift */; };
		D50F50BF24D9A8710042BAD2 /* UserDefaultsWorkProtocol.swift in Sources */ = {isa = PBXBuildFile; fileRef = D50F50BE24D9A8710042BAD2 /* UserDefaultsWorkProtocol.swift */; };
		D50F50C324DAB5560042BAD2 /* ImageViewController.swift in Sources */ = {isa = PBXBuildFile; fileRef = D50F50C224DAB5560042BAD2 /* ImageViewController.swift */; };
		D50F50C524DAB57A0042BAD2 /* ImagePresenter.swift in Sources */ = {isa = PBXBuildFile; fileRef = D50F50C424DAB57A0042BAD2 /* ImagePresenter.swift */; };
		D50F50C724DAB5930042BAD2 /* ImageInteractor.swift in Sources */ = {isa = PBXBuildFile; fileRef = D50F50C624DAB5920042BAD2 /* ImageInteractor.swift */; };
		D50F50C924DAB5A20042BAD2 /* ImageRouter.swift in Sources */ = {isa = PBXBuildFile; fileRef = D50F50C824DAB5A20042BAD2 /* ImageRouter.swift */; };
		D50F50CB24DAB5B30042BAD2 /* ImageConfigurator.swift in Sources */ = {isa = PBXBuildFile; fileRef = D50F50CA24DAB5B30042BAD2 /* ImageConfigurator.swift */; };
		D50F50D324DAE4980042BAD2 /* CollectionViewController.swift in Sources */ = {isa = PBXBuildFile; fileRef = D50F50D224DAE4980042BAD2 /* CollectionViewController.swift */; };
		D50F50D524DAE4B60042BAD2 /* CollectionPresenter.swift in Sources */ = {isa = PBXBuildFile; fileRef = D50F50D424DAE4B60042BAD2 /* CollectionPresenter.swift */; };
		D50F50D724DAE4E30042BAD2 /* CollectionInteractor.swift in Sources */ = {isa = PBXBuildFile; fileRef = D50F50D624DAE4E30042BAD2 /* CollectionInteractor.swift */; };
		D50F50D924DAE4FB0042BAD2 /* CollectionRouter.swift in Sources */ = {isa = PBXBuildFile; fileRef = D50F50D824DAE4FB0042BAD2 /* CollectionRouter.swift */; };
		D50F50DB24DAE5150042BAD2 /* CollectionConfigurator.swift in Sources */ = {isa = PBXBuildFile; fileRef = D50F50DA24DAE5150042BAD2 /* CollectionConfigurator.swift */; };
		D50F50E024DAE9870042BAD2 /* CustomCollectionView.swift in Sources */ = {isa = PBXBuildFile; fileRef = D50F50DF24DAE9870042BAD2 /* CustomCollectionView.swift */; };
		D50F50E224DAE9C40042BAD2 /* CustomCollectionViewCell.swift in Sources */ = {isa = PBXBuildFile; fileRef = D50F50E124DAE9C40042BAD2 /* CustomCollectionViewCell.swift */; };
		D50F50E424DAEA130042BAD2 /* CustomCollectionViewDataSource.swift in Sources */ = {isa = PBXBuildFile; fileRef = D50F50E324DAEA130042BAD2 /* CustomCollectionViewDataSource.swift */; };
		D50F50E624DAEA240042BAD2 /* CustomCollectionDelegate.swift in Sources */ = {isa = PBXBuildFile; fileRef = D50F50E524DAEA240042BAD2 /* CustomCollectionDelegate.swift */; };
		D50F514424E154EC0042BAD2 /* MainRouterInput.swift in Sources */ = {isa = PBXBuildFile; fileRef = D50F514324E154EC0042BAD2 /* MainRouterInput.swift */; };
		D50F514724E155100042BAD2 /* MainConfiguratorProtocol.swift in Sources */ = {isa = PBXBuildFile; fileRef = D50F514624E155100042BAD2 /* MainConfiguratorProtocol.swift */; };
		D50F515324E156B70042BAD2 /* CollectionRouterInput.swift in Sources */ = {isa = PBXBuildFile; fileRef = D50F515224E156B70042BAD2 /* CollectionRouterInput.swift */; };
		D50F515624E156DF0042BAD2 /* CollectionConfiguratorProtocol.swift in Sources */ = {isa = PBXBuildFile; fileRef = D50F515524E156DF0042BAD2 /* CollectionConfiguratorProtocol.swift */; };
		D50F516124E1577E0042BAD2 /* ImageRouterInput.swift in Sources */ = {isa = PBXBuildFile; fileRef = D50F516024E1577E0042BAD2 /* ImageRouterInput.swift */; };
		D50F516424E1579F0042BAD2 /* ImageConfiguratorProtocol.swift in Sources */ = {isa = PBXBuildFile; fileRef = D50F516324E1579F0042BAD2 /* ImageConfiguratorProtocol.swift */; };
		D50F516D24E15DA40042BAD2 /* MainViewInput.swift in Sources */ = {isa = PBXBuildFile; fileRef = D50F516C24E15DA40042BAD2 /* MainViewInput.swift */; };
		D50F516F24E1608C0042BAD2 /* MainViewOutput.swift in Sources */ = {isa = PBXBuildFile; fileRef = D50F516E24E1608C0042BAD2 /* MainViewOutput.swift */; };
		D50F517524E16B150042BAD2 /* TableViewDataSourceOutput.swift in Sources */ = {isa = PBXBuildFile; fileRef = D50F517424E16B150042BAD2 /* TableViewDataSourceOutput.swift */; };
		D50F517724E16BA90042BAD2 /* TableViewDelegateOutput.swift in Sources */ = {isa = PBXBuildFile; fileRef = D50F517624E16BA90042BAD2 /* TableViewDelegateOutput.swift */; };
		D50F517B24E172DA0042BAD2 /* MainInteractorOutput.swift in Sources */ = {isa = PBXBuildFile; fileRef = D50F517A24E172DA0042BAD2 /* MainInteractorOutput.swift */; };
		D50F517D24E172E90042BAD2 /* MainInteractorInput.swift in Sources */ = {isa = PBXBuildFile; fileRef = D50F517C24E172E90042BAD2 /* MainInteractorInput.swift */; };
		D50F518324E17DC00042BAD2 /* CollectionViewInput.swift in Sources */ = {isa = PBXBuildFile; fileRef = D50F518224E17DC00042BAD2 /* CollectionViewInput.swift */; };
		D50F518524E17DDB0042BAD2 /* CollectionViewOutput.swift in Sources */ = {isa = PBXBuildFile; fileRef = D50F518424E17DDB0042BAD2 /* CollectionViewOutput.swift */; };
		D50F518724E1807C0042BAD2 /* CollectionViewDataSourceOutput.swift in Sources */ = {isa = PBXBuildFile; fileRef = D50F518624E1807C0042BAD2 /* CollectionViewDataSourceOutput.swift */; };
		D50F518924E1808C0042BAD2 /* CollectionViewDelegateOutput.swift in Sources */ = {isa = PBXBuildFile; fileRef = D50F518824E1808C0042BAD2 /* CollectionViewDelegateOutput.swift */; };
		D50F518B24E181360042BAD2 /* CollectionInteractorInput.swift in Sources */ = {isa = PBXBuildFile; fileRef = D50F518A24E181360042BAD2 /* CollectionInteractorInput.swift */; };
		D50F518D24E1814C0042BAD2 /* CollectionInteractorOutput.swift in Sources */ = {isa = PBXBuildFile; fileRef = D50F518C24E1814C0042BAD2 /* CollectionInteractorOutput.swift */; };
		D50F51B124E275DC0042BAD2 /* FileProviderTest.swift in Sources */ = {isa = PBXBuildFile; fileRef = D50F51B024E275DC0042BAD2 /* FileProviderTest.swift */; };
		D50F51B924E27F8C0042BAD2 /* ImageViewInput.swift in Sources */ = {isa = PBXBuildFile; fileRef = D50F51B824E27F8C0042BAD2 /* ImageViewInput.swift */; };
		D50F51BB24E27F990042BAD2 /* ImageViewOutput.swift in Sources */ = {isa = PBXBuildFile; fileRef = D50F51BA24E27F990042BAD2 /* ImageViewOutput.swift */; };
		D50F51BD24E280170042BAD2 /* ImageInteractorInput.swift in Sources */ = {isa = PBXBuildFile; fileRef = D50F51BC24E280170042BAD2 /* ImageInteractorInput.swift */; };
		D50F51BF24E280220042BAD2 /* ImageInteractorOutput.swift in Sources */ = {isa = PBXBuildFile; fileRef = D50F51BE24E280220042BAD2 /* ImageInteractorOutput.swift */; };
		D51C7EFD24E58133001541F7 /* MainPresenterTest.swift in Sources */ = {isa = PBXBuildFile; fileRef = D51C7EFC24E58133001541F7 /* MainPresenterTest.swift */; };
		D51C7EFF24E5816A001541F7 /* MainInteractorInputSpy.swift in Sources */ = {isa = PBXBuildFile; fileRef = D51C7EFE24E5816A001541F7 /* MainInteractorInputSpy.swift */; };
		D51C7F0124E5817D001541F7 /* MainViewInputSpy.swift in Sources */ = {isa = PBXBuildFile; fileRef = D51C7F0024E5817D001541F7 /* MainViewInputSpy.swift */; };
		D51C7F0324E58363001541F7 /* MainViewControllerTest.swift in Sources */ = {isa = PBXBuildFile; fileRef = D51C7F0224E58363001541F7 /* MainViewControllerTest.swift */; };
		D51C7F0524E584EB001541F7 /* MainViewOutPutSpy.swift in Sources */ = {isa = PBXBuildFile; fileRef = D51C7F0424E584EB001541F7 /* MainViewOutPutSpy.swift */; };
		D51C7F0724E58DA9001541F7 /* TableViewDataSourceOutPutSpy.swift in Sources */ = {isa = PBXBuildFile; fileRef = D51C7F0624E58DA9001541F7 /* TableViewDataSourceOutPutSpy.swift */; };
		D51C7F0924E58E3F001541F7 /* TableViewDelegateOutputSpy.swift in Sources */ = {isa = PBXBuildFile; fileRef = D51C7F0824E58E3F001541F7 /* TableViewDelegateOutputSpy.swift */; };
		D51C7F0D24E5B979001541F7 /* MainConfiguratorMock.swift in Sources */ = {isa = PBXBuildFile; fileRef = D51C7F0C24E5B979001541F7 /* MainConfiguratorMock.swift */; };
		D51C7F0F24E5C218001541F7 /* MainRouterInputSpy.swift in Sources */ = {isa = PBXBuildFile; fileRef = D51C7F0E24E5C218001541F7 /* MainRouterInputSpy.swift */; };
		D51C7F1124E5CB00001541F7 /* MainRouterTests.swift in Sources */ = {isa = PBXBuildFile; fileRef = D51C7F1024E5CB00001541F7 /* MainRouterTests.swift */; };
		D51C7F1424E676F3001541F7 /* NetworkServiceTests.swift in Sources */ = {isa = PBXBuildFile; fileRef = D51C7F1324E676F3001541F7 /* NetworkServiceTests.swift */; };
		D51C7F1624E67AFC001541F7 /* URLSessionDataTaskMock.swift in Sources */ = {isa = PBXBuildFile; fileRef = D51C7F1524E67AFC001541F7 /* URLSessionDataTaskMock.swift */; };
		D51C7F1824E67B15001541F7 /* URLSessionMock.swift in Sources */ = {isa = PBXBuildFile; fileRef = D51C7F1724E67B15001541F7 /* URLSessionMock.swift */; };
		D51C7F1A24E68B8D001541F7 /* UserDefaultsMock.swift in Sources */ = {isa = PBXBuildFile; fileRef = D51C7F1924E68B8D001541F7 /* UserDefaultsMock.swift */; };
		D51C7F1E24E68FCE001541F7 /* ImageNameManagerTest.swift in Sources */ = {isa = PBXBuildFile; fileRef = D51C7F1D24E68FCE001541F7 /* ImageNameManagerTest.swift */; };
		D51C7F2024E6BB99001541F7 /* ImageResizerTests.swift in Sources */ = {isa = PBXBuildFile; fileRef = D51C7F1F24E6BB99001541F7 /* ImageResizerTests.swift */; };
		D51C7F2924E6F33C001541F7 /* UserDefaultsWorkTest.swift in Sources */ = {isa = PBXBuildFile; fileRef = D51C7F2824E6F33C001541F7 /* UserDefaultsWorkTest.swift */; };
		D51C7F2B24E6F7B8001541F7 /* TableViewMock.swift in Sources */ = {isa = PBXBuildFile; fileRef = D51C7F2A24E6F7B8001541F7 /* TableViewMock.swift */; };
		D51C7F2D24E6F80D001541F7 /* CustomTableViewDataSourceTest.swift in Sources */ = {isa = PBXBuildFile; fileRef = D51C7F2C24E6F80D001541F7 /* CustomTableViewDataSourceTest.swift */; };
		D51C7F2F24E7043D001541F7 /* CustomTableViewDelegateTest.swift in Sources */ = {isa = PBXBuildFile; fileRef = D51C7F2E24E7043D001541F7 /* CustomTableViewDelegateTest.swift */; };
		D520450425023CE1007B746A /* PopAnimator.swift in Sources */ = {isa = PBXBuildFile; fileRef = D520450325023CE1007B746A /* PopAnimator.swift */; };
		D5581A8B24E718F400958537 /* UIimageViewBlurEffect.swift in Sources */ = {isa = PBXBuildFile; fileRef = D5581A8A24E718F400958537 /* UIimageViewBlurEffect.swift */; };
		D55FB18724EAA62800BF0249 /* FilterCollectionView.swift in Sources */ = {isa = PBXBuildFile; fileRef = D55FB18624EAA62800BF0249 /* FilterCollectionView.swift */; };
		D55FB18A24EAA77A00BF0249 /* FilterCollectionViewCell.swift in Sources */ = {isa = PBXBuildFile; fileRef = D55FB18924EAA77A00BF0249 /* FilterCollectionViewCell.swift */; };
		D55FB18E24EAA8F500BF0249 /* FilterCollectionDataSource.swift in Sources */ = {isa = PBXBuildFile; fileRef = D55FB18D24EAA8F500BF0249 /* FilterCollectionDataSource.swift */; };
		D55FB19024EAA9DB00BF0249 /* FilterCollectionDataSourceOutput.swift in Sources */ = {isa = PBXBuildFile; fileRef = D55FB18F24EAA9DB00BF0249 /* FilterCollectionDataSourceOutput.swift */; };
		D55FB19224EAA9F600BF0249 /* FilterCollectionViewDelegate.swift in Sources */ = {isa = PBXBuildFile; fileRef = D55FB19124EAA9F600BF0249 /* FilterCollectionViewDelegate.swift */; };
		D55FB19424EAAA0900BF0249 /* FilterCollectionViewDelegateOutput.swift in Sources */ = {isa = PBXBuildFile; fileRef = D55FB19324EAAA0900BF0249 /* FilterCollectionViewDelegateOutput.swift */; };
		D55FB19624EBC0CE00BF0249 /* ImageModuleInput.swift in Sources */ = {isa = PBXBuildFile; fileRef = D55FB19524EBC0CE00BF0249 /* ImageModuleInput.swift */; };
		D55FB19824EBC0E100BF0249 /* ImageModuleOutput.swift in Sources */ = {isa = PBXBuildFile; fileRef = D55FB19724EBC0E100BF0249 /* ImageModuleOutput.swift */; };
		D565EA4A24E5600F008897A6 /* EncryptionManagerMock.swift in Sources */ = {isa = PBXBuildFile; fileRef = D565EA4924E5600F008897A6 /* EncryptionManagerMock.swift */; };
		D565EA4D24E56141008897A6 /* ImageNameManagerMock.swift in Sources */ = {isa = PBXBuildFile; fileRef = D565EA4C24E56141008897A6 /* ImageNameManagerMock.swift */; };
		D565EA4F24E56198008897A6 /* ImageResizerMock.swift in Sources */ = {isa = PBXBuildFile; fileRef = D565EA4E24E56198008897A6 /* ImageResizerMock.swift */; };
		D565EA5324E56241008897A6 /* UserDefaultsWorkMock.swift in Sources */ = {isa = PBXBuildFile; fileRef = D565EA5224E56241008897A6 /* UserDefaultsWorkMock.swift */; };
		D56A290524D42DEB00178564 /* AppDelegate.swift in Sources */ = {isa = PBXBuildFile; fileRef = D56A290424D42DEB00178564 /* AppDelegate.swift */; };
		D56A290724D42DEB00178564 /* SceneDelegate.swift in Sources */ = {isa = PBXBuildFile; fileRef = D56A290624D42DEB00178564 /* SceneDelegate.swift */; };
		D56A290924D42DEB00178564 /* MainViewController.swift in Sources */ = {isa = PBXBuildFile; fileRef = D56A290824D42DEB00178564 /* MainViewController.swift */; };
		D56A290C24D42DEB00178564 /* Main.storyboard in Resources */ = {isa = PBXBuildFile; fileRef = D56A290A24D42DEB00178564 /* Main.storyboard */; };
		D56A290E24D42DED00178564 /* Assets.xcassets in Resources */ = {isa = PBXBuildFile; fileRef = D56A290D24D42DED00178564 /* Assets.xcassets */; };
		D56A291124D42DED00178564 /* LaunchScreen.storyboard in Resources */ = {isa = PBXBuildFile; fileRef = D56A290F24D42DED00178564 /* LaunchScreen.storyboard */; };
		D56A291A24D431E500178564 /* MainPresenter.swift in Sources */ = {isa = PBXBuildFile; fileRef = D56A291924D431E500178564 /* MainPresenter.swift */; };
		D56A291C24D431FF00178564 /* MainInteractor.swift in Sources */ = {isa = PBXBuildFile; fileRef = D56A291B24D431FF00178564 /* MainInteractor.swift */; };
		D56A291E24D4320D00178564 /* MainRouter.swift in Sources */ = {isa = PBXBuildFile; fileRef = D56A291D24D4320D00178564 /* MainRouter.swift */; };
		D56A292024D4321F00178564 /* MainConfigurator.swift in Sources */ = {isa = PBXBuildFile; fileRef = D56A291F24D4321F00178564 /* MainConfigurator.swift */; };
		D5845CF524E3D7F200E2A695 /* MainTableCellTest.swift in Sources */ = {isa = PBXBuildFile; fileRef = D5845CF424E3D7F200E2A695 /* MainTableCellTest.swift */; };
		D5845CF724E3DB5A00E2A695 /* MainViewControllerBuild.swift in Sources */ = {isa = PBXBuildFile; fileRef = D5845CF624E3DB5A00E2A695 /* MainViewControllerBuild.swift */; };
		D58BAC5F24EFBBB7006A3DB4 /* AlertHelper.swift in Sources */ = {isa = PBXBuildFile; fileRef = D58BAC5E24EFBBB7006A3DB4 /* AlertHelper.swift */; };
		D58BAC6124EFBE70006A3DB4 /* AlertHelperProtocol.swift in Sources */ = {isa = PBXBuildFile; fileRef = D58BAC6024EFBE70006A3DB4 /* AlertHelperProtocol.swift */; };
		D5B03FE924F912780023E5DE /* FileManagerMock.swift in Sources */ = {isa = PBXBuildFile; fileRef = D5B03FE824F912780023E5DE /* FileManagerMock.swift */; };
		D5B0400D24FD45A90023E5DE /* FilterSettings.swift in Sources */ = {isa = PBXBuildFile; fileRef = D5B0400C24FD45A90023E5DE /* FilterSettings.swift */; };
		D5B0400F24FD45C20023E5DE /* ParametersForSlider.swift in Sources */ = {isa = PBXBuildFile; fileRef = D5B0400E24FD45C20023E5DE /* ParametersForSlider.swift */; };
		D5B0401124FD45D00023E5DE /* FilterParameter.swift in Sources */ = {isa = PBXBuildFile; fileRef = D5B0401024FD45D00023E5DE /* FilterParameter.swift */; };
		D5B0401324FD45E10023E5DE /* ImageModel.swift in Sources */ = {isa = PBXBuildFile; fileRef = D5B0401224FD45E10023E5DE /* ImageModel.swift */; };
		D5B0401624FD45F40023E5DE /* ImageSize.swift in Sources */ = {isa = PBXBuildFile; fileRef = D5B0401524FD45F40023E5DE /* ImageSize.swift */; };
		D5B0401824FD46120023E5DE /* ImageFormat.swift in Sources */ = {isa = PBXBuildFile; fileRef = D5B0401724FD46120023E5DE /* ImageFormat.swift */; };
		D5B0401A24FE887F0023E5DE /* WithoutFilter.swift in Sources */ = {isa = PBXBuildFile; fileRef = D5B0401924FE887F0023E5DE /* WithoutFilter.swift */; };
		D5B0401C24FE88930023E5DE /* SepiaToneFilter.swift in Sources */ = {isa = PBXBuildFile; fileRef = D5B0401B24FE88930023E5DE /* SepiaToneFilter.swift */; };
		D5B0401E24FE88E80023E5DE /* ColorControlsFilter.swift in Sources */ = {isa = PBXBuildFile; fileRef = D5B0401D24FE88E80023E5DE /* ColorControlsFilter.swift */; };
		D5B0402024FE88F70023E5DE /* EdgesFilter.swift in Sources */ = {isa = PBXBuildFile; fileRef = D5B0401F24FE88F70023E5DE /* EdgesFilter.swift */; };
		D5B0402224FE89080023E5DE /* NoirFilter.swift in Sources */ = {isa = PBXBuildFile; fileRef = D5B0402124FE89080023E5DE /* NoirFilter.swift */; };
		D5B0402424FE891E0023E5DE /* GaussianBlurFilter.swift in Sources */ = {isa = PBXBuildFile; fileRef = D5B0402324FE891E0023E5DE /* GaussianBlurFilter.swift */; };
		D5B0402624FE892E0023E5DE /* PinkCrossPolynomial.swift in Sources */ = {isa = PBXBuildFile; fileRef = D5B0402524FE892E0023E5DE /* PinkCrossPolynomial.swift */; };
		D5B0402824FE893D0023E5DE /* SpotColorFilter.swift in Sources */ = {isa = PBXBuildFile; fileRef = D5B0402724FE893D0023E5DE /* SpotColorFilter.swift */; };
		D5B0402C24FE8B5E0023E5DE /* ImageFilterProtocol.swift in Sources */ = {isa = PBXBuildFile; fileRef = D5B0402B24FE8B5E0023E5DE /* ImageFilterProtocol.swift */; };
		D5B0402E24FED3540023E5DE /* ImageFilterManager.swift in Sources */ = {isa = PBXBuildFile; fileRef = D5B0402D24FED3530023E5DE /* ImageFilterManager.swift */; };
		D5C765D524F3F6A500495553 /* CollectionModuleInput.swift in Sources */ = {isa = PBXBuildFile; fileRef = D5C765D424F3F6A500495553 /* CollectionModuleInput.swift */; };
		D5C765D724F3F6BB00495553 /* CollectionModuleOutput.swift in Sources */ = {isa = PBXBuildFile; fileRef = D5C765D624F3F6BB00495553 /* CollectionModuleOutput.swift */; };
		D5E96DB424E3F5F800C49255 /* MainInteractorTest.swift in Sources */ = {isa = PBXBuildFile; fileRef = D5E96DB324E3F5F800C49255 /* MainInteractorTest.swift */; };
		D5E96DB824E3F71E00C49255 /* NetwokServceMock.swift in Sources */ = {isa = PBXBuildFile; fileRef = D5E96DB724E3F71E00C49255 /* NetwokServceMock.swift */; };
		D5E96DBC24E41EA400C49255 /* MainInteractorOutputSpy.swift in Sources */ = {isa = PBXBuildFile; fileRef = D5E96DBB24E41EA400C49255 /* MainInteractorOutputSpy.swift */; };
		D5E96DBE24E4257D00C49255 /* FileProviderMock.swift in Sources */ = {isa = PBXBuildFile; fileRef = D5E96DBD24E4257D00C49255 /* FileProviderMock.swift */; };
/* End PBXBuildFile section */

/* Begin PBXContainerItemProxy section */
		D50F51B324E275DC0042BAD2 /* PBXContainerItemProxy */ = {
			isa = PBXContainerItemProxy;
			containerPortal = D56A28F924D42DEB00178564 /* Project object */;
			proxyType = 1;
			remoteGlobalIDString = D56A290024D42DEB00178564;
			remoteInfo = ViperPicturesDownloader;
		};
/* End PBXContainerItemProxy section */

/* Begin PBXFileReference section */
		32179CF329B2741EBAA48969 /* Pods-ViperPicturesDownloader.release.xcconfig */ = {isa = PBXFileReference; includeInIndex = 1; lastKnownFileType = text.xcconfig; name = "Pods-ViperPicturesDownloader.release.xcconfig"; path = "Target Support Files/Pods-ViperPicturesDownloader/Pods-ViperPicturesDownloader.release.xcconfig"; sourceTree = "<group>"; };
		ABB78EE8CB53CC1D2BF018CD /* Pods_ViperPicturesDownloader.framework */ = {isa = PBXFileReference; explicitFileType = wrapper.framework; includeInIndex = 0; path = Pods_ViperPicturesDownloader.framework; sourceTree = BUILT_PRODUCTS_DIR; };
		C378E92C71E5A248718810BA /* Pods-ViperPicturesDownloader.debug.xcconfig */ = {isa = PBXFileReference; includeInIndex = 1; lastKnownFileType = text.xcconfig; name = "Pods-ViperPicturesDownloader.debug.xcconfig"; path = "Target Support Files/Pods-ViperPicturesDownloader/Pods-ViperPicturesDownloader.debug.xcconfig"; sourceTree = "<group>"; };
		D50F505E24D827840042BAD2 /* CustomTableView.swift */ = {isa = PBXFileReference; lastKnownFileType = sourcecode.swift; path = CustomTableView.swift; sourceTree = "<group>"; };
		D50F506024D827BB0042BAD2 /* CustomTableViewCell.swift */ = {isa = PBXFileReference; lastKnownFileType = sourcecode.swift; path = CustomTableViewCell.swift; sourceTree = "<group>"; };
		D50F506424D8356D0042BAD2 /* CustomTableViewDataSource.swift */ = {isa = PBXFileReference; lastKnownFileType = sourcecode.swift; path = CustomTableViewDataSource.swift; sourceTree = "<group>"; };
		D50F506624D847350042BAD2 /* Entity.swift */ = {isa = PBXFileReference; lastKnownFileType = sourcecode.swift; path = Entity.swift; sourceTree = "<group>"; };
		D50F508C24D851FE0042BAD2 /* NetworkService.swift */ = {isa = PBXFileReference; fileEncoding = 4; lastKnownFileType = sourcecode.swift; path = NetworkService.swift; sourceTree = "<group>"; };
		D50F508F24D8523A0042BAD2 /* ImageNameManagerProtocol.swift */ = {isa = PBXFileReference; fileEncoding = 4; lastKnownFileType = sourcecode.swift; path = ImageNameManagerProtocol.swift; sourceTree = "<group>"; };
		D50F509024D8523A0042BAD2 /* FileProviderProtocol.swift */ = {isa = PBXFileReference; fileEncoding = 4; lastKnownFileType = sourcecode.swift; path = FileProviderProtocol.swift; sourceTree = "<group>"; };
		D50F509224D8523A0042BAD2 /* ImageResizerProtocol.swift */ = {isa = PBXFileReference; fileEncoding = 4; lastKnownFileType = sourcecode.swift; path = ImageResizerProtocol.swift; sourceTree = "<group>"; };
		D50F509524D8523B0042BAD2 /* NetworkServiceProtocol.swift */ = {isa = PBXFileReference; fileEncoding = 4; lastKnownFileType = sourcecode.swift; path = NetworkServiceProtocol.swift; sourceTree = "<group>"; };
		D50F509E24D852A20042BAD2 /* UserDefaultsWork.swift */ = {isa = PBXFileReference; fileEncoding = 4; lastKnownFileType = sourcecode.swift; path = UserDefaultsWork.swift; sourceTree = "<group>"; };
		D50F50A024D852A20042BAD2 /* FileProvider.swift */ = {isa = PBXFileReference; fileEncoding = 4; lastKnownFileType = sourcecode.swift; path = FileProvider.swift; sourceTree = "<group>"; };
		D50F50A124D852A30042BAD2 /* ImageNameManager.swift */ = {isa = PBXFileReference; fileEncoding = 4; lastKnownFileType = sourcecode.swift; path = ImageNameManager.swift; sourceTree = "<group>"; };
		D50F50A224D852A30042BAD2 /* ZoomAndSnapFlowLayout.swift */ = {isa = PBXFileReference; fileEncoding = 4; lastKnownFileType = sourcecode.swift; path = ZoomAndSnapFlowLayout.swift; sourceTree = "<group>"; };
		D50F50A424D852A30042BAD2 /* ImageResizer.swift */ = {isa = PBXFileReference; fileEncoding = 4; lastKnownFileType = sourcecode.swift; path = ImageResizer.swift; sourceTree = "<group>"; };
		D50F50AE24D8530A0042BAD2 /* UIImageResizeExtension.swift */ = {isa = PBXFileReference; fileEncoding = 4; lastKnownFileType = sourcecode.swift; path = UIImageResizeExtension.swift; sourceTree = "<group>"; };
		D50F50B024D853880042BAD2 /* CGSizeStringExtension.swift */ = {isa = PBXFileReference; fileEncoding = 4; lastKnownFileType = sourcecode.swift; path = CGSizeStringExtension.swift; sourceTree = "<group>"; };
		D50F50B324D853C20042BAD2 /* KeyForEncrypte.swift */ = {isa = PBXFileReference; fileEncoding = 4; lastKnownFileType = sourcecode.swift; path = KeyForEncrypte.swift; sourceTree = "<group>"; };
		D50F50B424D853C20042BAD2 /* EncryptionManager.swift */ = {isa = PBXFileReference; fileEncoding = 4; lastKnownFileType = sourcecode.swift; path = EncryptionManager.swift; sourceTree = "<group>"; };
		D50F50B524D853C20042BAD2 /* EncryptionWork.swift */ = {isa = PBXFileReference; fileEncoding = 4; lastKnownFileType = sourcecode.swift; path = EncryptionWork.swift; sourceTree = "<group>"; };
		D50F50B924D95D360042BAD2 /* CustomTableViewDelegate.swift */ = {isa = PBXFileReference; lastKnownFileType = sourcecode.swift; path = CustomTableViewDelegate.swift; sourceTree = "<group>"; };
		D50F50BC24D996B50042BAD2 /* EncryptionManagerProtocol.swift */ = {isa = PBXFileReference; lastKnownFileType = sourcecode.swift; path = EncryptionManagerProtocol.swift; sourceTree = "<group>"; };
		D50F50BE24D9A8710042BAD2 /* UserDefaultsWorkProtocol.swift */ = {isa = PBXFileReference; lastKnownFileType = sourcecode.swift; path = UserDefaultsWorkProtocol.swift; sourceTree = "<group>"; };
		D50F50C224DAB5560042BAD2 /* ImageViewController.swift */ = {isa = PBXFileReference; lastKnownFileType = sourcecode.swift; path = ImageViewController.swift; sourceTree = "<group>"; };
		D50F50C424DAB57A0042BAD2 /* ImagePresenter.swift */ = {isa = PBXFileReference; lastKnownFileType = sourcecode.swift; path = ImagePresenter.swift; sourceTree = "<group>"; };
		D50F50C624DAB5920042BAD2 /* ImageInteractor.swift */ = {isa = PBXFileReference; lastKnownFileType = sourcecode.swift; path = ImageInteractor.swift; sourceTree = "<group>"; };
		D50F50C824DAB5A20042BAD2 /* ImageRouter.swift */ = {isa = PBXFileReference; lastKnownFileType = sourcecode.swift; path = ImageRouter.swift; sourceTree = "<group>"; };
		D50F50CA24DAB5B30042BAD2 /* ImageConfigurator.swift */ = {isa = PBXFileReference; lastKnownFileType = sourcecode.swift; path = ImageConfigurator.swift; sourceTree = "<group>"; };
		D50F50D224DAE4980042BAD2 /* CollectionViewController.swift */ = {isa = PBXFileReference; lastKnownFileType = sourcecode.swift; path = CollectionViewController.swift; sourceTree = "<group>"; };
		D50F50D424DAE4B60042BAD2 /* CollectionPresenter.swift */ = {isa = PBXFileReference; lastKnownFileType = sourcecode.swift; path = CollectionPresenter.swift; sourceTree = "<group>"; };
		D50F50D624DAE4E30042BAD2 /* CollectionInteractor.swift */ = {isa = PBXFileReference; lastKnownFileType = sourcecode.swift; path = CollectionInteractor.swift; sourceTree = "<group>"; };
		D50F50D824DAE4FB0042BAD2 /* CollectionRouter.swift */ = {isa = PBXFileReference; lastKnownFileType = sourcecode.swift; path = CollectionRouter.swift; sourceTree = "<group>"; };
		D50F50DA24DAE5150042BAD2 /* CollectionConfigurator.swift */ = {isa = PBXFileReference; lastKnownFileType = sourcecode.swift; path = CollectionConfigurator.swift; sourceTree = "<group>"; };
		D50F50DF24DAE9870042BAD2 /* CustomCollectionView.swift */ = {isa = PBXFileReference; lastKnownFileType = sourcecode.swift; path = CustomCollectionView.swift; sourceTree = "<group>"; };
		D50F50E124DAE9C40042BAD2 /* CustomCollectionViewCell.swift */ = {isa = PBXFileReference; lastKnownFileType = sourcecode.swift; path = CustomCollectionViewCell.swift; sourceTree = "<group>"; };
		D50F50E324DAEA130042BAD2 /* CustomCollectionViewDataSource.swift */ = {isa = PBXFileReference; lastKnownFileType = sourcecode.swift; path = CustomCollectionViewDataSource.swift; sourceTree = "<group>"; };
		D50F50E524DAEA240042BAD2 /* CustomCollectionDelegate.swift */ = {isa = PBXFileReference; lastKnownFileType = sourcecode.swift; path = CustomCollectionDelegate.swift; sourceTree = "<group>"; };
		D50F514324E154EC0042BAD2 /* MainRouterInput.swift */ = {isa = PBXFileReference; lastKnownFileType = sourcecode.swift; path = MainRouterInput.swift; sourceTree = "<group>"; };
		D50F514624E155100042BAD2 /* MainConfiguratorProtocol.swift */ = {isa = PBXFileReference; lastKnownFileType = sourcecode.swift; path = MainConfiguratorProtocol.swift; sourceTree = "<group>"; };
		D50F515224E156B70042BAD2 /* CollectionRouterInput.swift */ = {isa = PBXFileReference; lastKnownFileType = sourcecode.swift; path = CollectionRouterInput.swift; sourceTree = "<group>"; };
		D50F515524E156DF0042BAD2 /* CollectionConfiguratorProtocol.swift */ = {isa = PBXFileReference; lastKnownFileType = sourcecode.swift; path = CollectionConfiguratorProtocol.swift; sourceTree = "<group>"; };
		D50F516024E1577E0042BAD2 /* ImageRouterInput.swift */ = {isa = PBXFileReference; lastKnownFileType = sourcecode.swift; path = ImageRouterInput.swift; sourceTree = "<group>"; };
		D50F516324E1579F0042BAD2 /* ImageConfiguratorProtocol.swift */ = {isa = PBXFileReference; lastKnownFileType = sourcecode.swift; path = ImageConfiguratorProtocol.swift; sourceTree = "<group>"; };
		D50F516C24E15DA40042BAD2 /* MainViewInput.swift */ = {isa = PBXFileReference; lastKnownFileType = sourcecode.swift; path = MainViewInput.swift; sourceTree = "<group>"; };
		D50F516E24E1608C0042BAD2 /* MainViewOutput.swift */ = {isa = PBXFileReference; lastKnownFileType = sourcecode.swift; path = MainViewOutput.swift; sourceTree = "<group>"; };
		D50F517424E16B150042BAD2 /* TableViewDataSourceOutput.swift */ = {isa = PBXFileReference; lastKnownFileType = sourcecode.swift; path = TableViewDataSourceOutput.swift; sourceTree = "<group>"; };
		D50F517624E16BA90042BAD2 /* TableViewDelegateOutput.swift */ = {isa = PBXFileReference; lastKnownFileType = sourcecode.swift; path = TableViewDelegateOutput.swift; sourceTree = "<group>"; };
		D50F517A24E172DA0042BAD2 /* MainInteractorOutput.swift */ = {isa = PBXFileReference; lastKnownFileType = sourcecode.swift; path = MainInteractorOutput.swift; sourceTree = "<group>"; };
		D50F517C24E172E90042BAD2 /* MainInteractorInput.swift */ = {isa = PBXFileReference; lastKnownFileType = sourcecode.swift; path = MainInteractorInput.swift; sourceTree = "<group>"; };
		D50F518224E17DC00042BAD2 /* CollectionViewInput.swift */ = {isa = PBXFileReference; lastKnownFileType = sourcecode.swift; path = CollectionViewInput.swift; sourceTree = "<group>"; };
		D50F518424E17DDB0042BAD2 /* CollectionViewOutput.swift */ = {isa = PBXFileReference; lastKnownFileType = sourcecode.swift; path = CollectionViewOutput.swift; sourceTree = "<group>"; };
		D50F518624E1807C0042BAD2 /* CollectionViewDataSourceOutput.swift */ = {isa = PBXFileReference; lastKnownFileType = sourcecode.swift; path = CollectionViewDataSourceOutput.swift; sourceTree = "<group>"; };
		D50F518824E1808C0042BAD2 /* CollectionViewDelegateOutput.swift */ = {isa = PBXFileReference; lastKnownFileType = sourcecode.swift; path = CollectionViewDelegateOutput.swift; sourceTree = "<group>"; };
		D50F518A24E181360042BAD2 /* CollectionInteractorInput.swift */ = {isa = PBXFileReference; lastKnownFileType = sourcecode.swift; path = CollectionInteractorInput.swift; sourceTree = "<group>"; };
		D50F518C24E1814C0042BAD2 /* CollectionInteractorOutput.swift */ = {isa = PBXFileReference; lastKnownFileType = sourcecode.swift; path = CollectionInteractorOutput.swift; sourceTree = "<group>"; };
		D50F51AE24E275DC0042BAD2 /* ViperPicturesDownloaderTests.xctest */ = {isa = PBXFileReference; explicitFileType = wrapper.cfbundle; includeInIndex = 0; path = ViperPicturesDownloaderTests.xctest; sourceTree = BUILT_PRODUCTS_DIR; };
		D50F51B024E275DC0042BAD2 /* FileProviderTest.swift */ = {isa = PBXFileReference; lastKnownFileType = sourcecode.swift; path = FileProviderTest.swift; sourceTree = "<group>"; };
		D50F51B224E275DC0042BAD2 /* Info.plist */ = {isa = PBXFileReference; lastKnownFileType = text.plist.xml; path = Info.plist; sourceTree = "<group>"; };
		D50F51B824E27F8C0042BAD2 /* ImageViewInput.swift */ = {isa = PBXFileReference; lastKnownFileType = sourcecode.swift; path = ImageViewInput.swift; sourceTree = "<group>"; };
		D50F51BA24E27F990042BAD2 /* ImageViewOutput.swift */ = {isa = PBXFileReference; lastKnownFileType = sourcecode.swift; path = ImageViewOutput.swift; sourceTree = "<group>"; };
		D50F51BC24E280170042BAD2 /* ImageInteractorInput.swift */ = {isa = PBXFileReference; lastKnownFileType = sourcecode.swift; path = ImageInteractorInput.swift; sourceTree = "<group>"; };
		D50F51BE24E280220042BAD2 /* ImageInteractorOutput.swift */ = {isa = PBXFileReference; lastKnownFileType = sourcecode.swift; path = ImageInteractorOutput.swift; sourceTree = "<group>"; };
		D51C7EFC24E58133001541F7 /* MainPresenterTest.swift */ = {isa = PBXFileReference; lastKnownFileType = sourcecode.swift; path = MainPresenterTest.swift; sourceTree = "<group>"; };
		D51C7EFE24E5816A001541F7 /* MainInteractorInputSpy.swift */ = {isa = PBXFileReference; lastKnownFileType = sourcecode.swift; path = MainInteractorInputSpy.swift; sourceTree = "<group>"; };
		D51C7F0024E5817D001541F7 /* MainViewInputSpy.swift */ = {isa = PBXFileReference; lastKnownFileType = sourcecode.swift; path = MainViewInputSpy.swift; sourceTree = "<group>"; };
		D51C7F0224E58363001541F7 /* MainViewControllerTest.swift */ = {isa = PBXFileReference; lastKnownFileType = sourcecode.swift; path = MainViewControllerTest.swift; sourceTree = "<group>"; };
		D51C7F0424E584EB001541F7 /* MainViewOutPutSpy.swift */ = {isa = PBXFileReference; lastKnownFileType = sourcecode.swift; path = MainViewOutPutSpy.swift; sourceTree = "<group>"; };
		D51C7F0624E58DA9001541F7 /* TableViewDataSourceOutPutSpy.swift */ = {isa = PBXFileReference; lastKnownFileType = sourcecode.swift; path = TableViewDataSourceOutPutSpy.swift; sourceTree = "<group>"; };
		D51C7F0824E58E3F001541F7 /* TableViewDelegateOutputSpy.swift */ = {isa = PBXFileReference; lastKnownFileType = sourcecode.swift; path = TableViewDelegateOutputSpy.swift; sourceTree = "<group>"; };
		D51C7F0C24E5B979001541F7 /* MainConfiguratorMock.swift */ = {isa = PBXFileReference; lastKnownFileType = sourcecode.swift; path = MainConfiguratorMock.swift; sourceTree = "<group>"; };
		D51C7F0E24E5C218001541F7 /* MainRouterInputSpy.swift */ = {isa = PBXFileReference; lastKnownFileType = sourcecode.swift; path = MainRouterInputSpy.swift; sourceTree = "<group>"; };
		D51C7F1024E5CB00001541F7 /* MainRouterTests.swift */ = {isa = PBXFileReference; lastKnownFileType = sourcecode.swift; path = MainRouterTests.swift; sourceTree = "<group>"; };
		D51C7F1324E676F3001541F7 /* NetworkServiceTests.swift */ = {isa = PBXFileReference; lastKnownFileType = sourcecode.swift; path = NetworkServiceTests.swift; sourceTree = "<group>"; };
		D51C7F1524E67AFC001541F7 /* URLSessionDataTaskMock.swift */ = {isa = PBXFileReference; lastKnownFileType = sourcecode.swift; path = URLSessionDataTaskMock.swift; sourceTree = "<group>"; };
		D51C7F1724E67B15001541F7 /* URLSessionMock.swift */ = {isa = PBXFileReference; lastKnownFileType = sourcecode.swift; path = URLSessionMock.swift; sourceTree = "<group>"; };
		D51C7F1924E68B8D001541F7 /* UserDefaultsMock.swift */ = {isa = PBXFileReference; lastKnownFileType = sourcecode.swift; path = UserDefaultsMock.swift; sourceTree = "<group>"; };
		D51C7F1D24E68FCE001541F7 /* ImageNameManagerTest.swift */ = {isa = PBXFileReference; lastKnownFileType = sourcecode.swift; path = ImageNameManagerTest.swift; sourceTree = "<group>"; };
		D51C7F1F24E6BB99001541F7 /* ImageResizerTests.swift */ = {isa = PBXFileReference; lastKnownFileType = sourcecode.swift; path = ImageResizerTests.swift; sourceTree = "<group>"; };
		D51C7F2824E6F33C001541F7 /* UserDefaultsWorkTest.swift */ = {isa = PBXFileReference; lastKnownFileType = sourcecode.swift; path = UserDefaultsWorkTest.swift; sourceTree = "<group>"; };
		D51C7F2A24E6F7B8001541F7 /* TableViewMock.swift */ = {isa = PBXFileReference; lastKnownFileType = sourcecode.swift; path = TableViewMock.swift; sourceTree = "<group>"; };
		D51C7F2C24E6F80D001541F7 /* CustomTableViewDataSourceTest.swift */ = {isa = PBXFileReference; lastKnownFileType = sourcecode.swift; path = CustomTableViewDataSourceTest.swift; sourceTree = "<group>"; };
		D51C7F2E24E7043D001541F7 /* CustomTableViewDelegateTest.swift */ = {isa = PBXFileReference; lastKnownFileType = sourcecode.swift; path = CustomTableViewDelegateTest.swift; sourceTree = "<group>"; };
		D520450325023CE1007B746A /* PopAnimator.swift */ = {isa = PBXFileReference; lastKnownFileType = sourcecode.swift; path = PopAnimator.swift; sourceTree = "<group>"; };
		D5581A8A24E718F400958537 /* UIimageViewBlurEffect.swift */ = {isa = PBXFileReference; lastKnownFileType = sourcecode.swift; path = UIimageViewBlurEffect.swift; sourceTree = "<group>"; };
		D55FB18624EAA62800BF0249 /* FilterCollectionView.swift */ = {isa = PBXFileReference; lastKnownFileType = sourcecode.swift; path = FilterCollectionView.swift; sourceTree = "<group>"; };
		D55FB18924EAA77A00BF0249 /* FilterCollectionViewCell.swift */ = {isa = PBXFileReference; lastKnownFileType = sourcecode.swift; path = FilterCollectionViewCell.swift; sourceTree = "<group>"; };
		D55FB18D24EAA8F500BF0249 /* FilterCollectionDataSource.swift */ = {isa = PBXFileReference; lastKnownFileType = sourcecode.swift; path = FilterCollectionDataSource.swift; sourceTree = "<group>"; };
		D55FB18F24EAA9DB00BF0249 /* FilterCollectionDataSourceOutput.swift */ = {isa = PBXFileReference; lastKnownFileType = sourcecode.swift; path = FilterCollectionDataSourceOutput.swift; sourceTree = "<group>"; };
		D55FB19124EAA9F600BF0249 /* FilterCollectionViewDelegate.swift */ = {isa = PBXFileReference; lastKnownFileType = sourcecode.swift; path = FilterCollectionViewDelegate.swift; sourceTree = "<group>"; };
		D55FB19324EAAA0900BF0249 /* FilterCollectionViewDelegateOutput.swift */ = {isa = PBXFileReference; lastKnownFileType = sourcecode.swift; path = FilterCollectionViewDelegateOutput.swift; sourceTree = "<group>"; };
		D55FB19524EBC0CE00BF0249 /* ImageModuleInput.swift */ = {isa = PBXFileReference; lastKnownFileType = sourcecode.swift; path = ImageModuleInput.swift; sourceTree = "<group>"; };
		D55FB19724EBC0E100BF0249 /* ImageModuleOutput.swift */ = {isa = PBXFileReference; lastKnownFileType = sourcecode.swift; path = ImageModuleOutput.swift; sourceTree = "<group>"; };
		D565EA4924E5600F008897A6 /* EncryptionManagerMock.swift */ = {isa = PBXFileReference; lastKnownFileType = sourcecode.swift; path = EncryptionManagerMock.swift; sourceTree = "<group>"; };
		D565EA4C24E56141008897A6 /* ImageNameManagerMock.swift */ = {isa = PBXFileReference; lastKnownFileType = sourcecode.swift; path = ImageNameManagerMock.swift; sourceTree = "<group>"; };
		D565EA4E24E56198008897A6 /* ImageResizerMock.swift */ = {isa = PBXFileReference; lastKnownFileType = sourcecode.swift; path = ImageResizerMock.swift; sourceTree = "<group>"; };
		D565EA5224E56241008897A6 /* UserDefaultsWorkMock.swift */ = {isa = PBXFileReference; lastKnownFileType = sourcecode.swift; path = UserDefaultsWorkMock.swift; sourceTree = "<group>"; };
		D56A290124D42DEB00178564 /* ViperPicturesDownloader.app */ = {isa = PBXFileReference; explicitFileType = wrapper.application; includeInIndex = 0; path = ViperPicturesDownloader.app; sourceTree = BUILT_PRODUCTS_DIR; };
		D56A290424D42DEB00178564 /* AppDelegate.swift */ = {isa = PBXFileReference; lastKnownFileType = sourcecode.swift; path = AppDelegate.swift; sourceTree = "<group>"; };
		D56A290624D42DEB00178564 /* SceneDelegate.swift */ = {isa = PBXFileReference; lastKnownFileType = sourcecode.swift; path = SceneDelegate.swift; sourceTree = "<group>"; };
		D56A290824D42DEB00178564 /* MainViewController.swift */ = {isa = PBXFileReference; lastKnownFileType = sourcecode.swift; path = MainViewController.swift; sourceTree = "<group>"; };
		D56A290B24D42DEB00178564 /* Base */ = {isa = PBXFileReference; lastKnownFileType = file.storyboard; name = Base; path = Base.lproj/Main.storyboard; sourceTree = "<group>"; };
		D56A290D24D42DED00178564 /* Assets.xcassets */ = {isa = PBXFileReference; lastKnownFileType = folder.assetcatalog; path = Assets.xcassets; sourceTree = "<group>"; };
		D56A291024D42DED00178564 /* Base */ = {isa = PBXFileReference; lastKnownFileType = file.storyboard; name = Base; path = Base.lproj/LaunchScreen.storyboard; sourceTree = "<group>"; };
		D56A291224D42DED00178564 /* Info.plist */ = {isa = PBXFileReference; lastKnownFileType = text.plist.xml; path = Info.plist; sourceTree = "<group>"; };
		D56A291924D431E500178564 /* MainPresenter.swift */ = {isa = PBXFileReference; lastKnownFileType = sourcecode.swift; path = MainPresenter.swift; sourceTree = "<group>"; };
		D56A291B24D431FF00178564 /* MainInteractor.swift */ = {isa = PBXFileReference; lastKnownFileType = sourcecode.swift; path = MainInteractor.swift; sourceTree = "<group>"; };
		D56A291D24D4320D00178564 /* MainRouter.swift */ = {isa = PBXFileReference; lastKnownFileType = sourcecode.swift; path = MainRouter.swift; sourceTree = "<group>"; };
		D56A291F24D4321F00178564 /* MainConfigurator.swift */ = {isa = PBXFileReference; lastKnownFileType = sourcecode.swift; path = MainConfigurator.swift; sourceTree = "<group>"; };
		D5845CF424E3D7F200E2A695 /* MainTableCellTest.swift */ = {isa = PBXFileReference; lastKnownFileType = sourcecode.swift; path = MainTableCellTest.swift; sourceTree = "<group>"; };
		D5845CF624E3DB5A00E2A695 /* MainViewControllerBuild.swift */ = {isa = PBXFileReference; lastKnownFileType = sourcecode.swift; path = MainViewControllerBuild.swift; sourceTree = "<group>"; };
		D58BAC5E24EFBBB7006A3DB4 /* AlertHelper.swift */ = {isa = PBXFileReference; lastKnownFileType = sourcecode.swift; path = AlertHelper.swift; sourceTree = "<group>"; };
		D58BAC6024EFBE70006A3DB4 /* AlertHelperProtocol.swift */ = {isa = PBXFileReference; lastKnownFileType = sourcecode.swift; path = AlertHelperProtocol.swift; sourceTree = "<group>"; };
		D5B03FE824F912780023E5DE /* FileManagerMock.swift */ = {isa = PBXFileReference; lastKnownFileType = sourcecode.swift; path = FileManagerMock.swift; sourceTree = "<group>"; };
		D5B0400C24FD45A90023E5DE /* FilterSettings.swift */ = {isa = PBXFileReference; lastKnownFileType = sourcecode.swift; path = FilterSettings.swift; sourceTree = "<group>"; };
		D5B0400E24FD45C20023E5DE /* ParametersForSlider.swift */ = {isa = PBXFileReference; lastKnownFileType = sourcecode.swift; path = ParametersForSlider.swift; sourceTree = "<group>"; };
		D5B0401024FD45D00023E5DE /* FilterParameter.swift */ = {isa = PBXFileReference; lastKnownFileType = sourcecode.swift; path = FilterParameter.swift; sourceTree = "<group>"; };
		D5B0401224FD45E10023E5DE /* ImageModel.swift */ = {isa = PBXFileReference; lastKnownFileType = sourcecode.swift; path = ImageModel.swift; sourceTree = "<group>"; };
		D5B0401524FD45F40023E5DE /* ImageSize.swift */ = {isa = PBXFileReference; lastKnownFileType = sourcecode.swift; path = ImageSize.swift; sourceTree = "<group>"; };
		D5B0401724FD46120023E5DE /* ImageFormat.swift */ = {isa = PBXFileReference; lastKnownFileType = sourcecode.swift; path = ImageFormat.swift; sourceTree = "<group>"; };
		D5B0401924FE887F0023E5DE /* WithoutFilter.swift */ = {isa = PBXFileReference; lastKnownFileType = sourcecode.swift; path = WithoutFilter.swift; sourceTree = "<group>"; };
		D5B0401B24FE88930023E5DE /* SepiaToneFilter.swift */ = {isa = PBXFileReference; lastKnownFileType = sourcecode.swift; path = SepiaToneFilter.swift; sourceTree = "<group>"; };
		D5B0401D24FE88E80023E5DE /* ColorControlsFilter.swift */ = {isa = PBXFileReference; lastKnownFileType = sourcecode.swift; path = ColorControlsFilter.swift; sourceTree = "<group>"; };
		D5B0401F24FE88F70023E5DE /* EdgesFilter.swift */ = {isa = PBXFileReference; lastKnownFileType = sourcecode.swift; path = EdgesFilter.swift; sourceTree = "<group>"; };
		D5B0402124FE89080023E5DE /* NoirFilter.swift */ = {isa = PBXFileReference; lastKnownFileType = sourcecode.swift; path = NoirFilter.swift; sourceTree = "<group>"; };
		D5B0402324FE891E0023E5DE /* GaussianBlurFilter.swift */ = {isa = PBXFileReference; lastKnownFileType = sourcecode.swift; path = GaussianBlurFilter.swift; sourceTree = "<group>"; };
		D5B0402524FE892E0023E5DE /* PinkCrossPolynomial.swift */ = {isa = PBXFileReference; lastKnownFileType = sourcecode.swift; path = PinkCrossPolynomial.swift; sourceTree = "<group>"; };
		D5B0402724FE893D0023E5DE /* SpotColorFilter.swift */ = {isa = PBXFileReference; lastKnownFileType = sourcecode.swift; path = SpotColorFilter.swift; sourceTree = "<group>"; };
		D5B0402B24FE8B5E0023E5DE /* ImageFilterProtocol.swift */ = {isa = PBXFileReference; lastKnownFileType = sourcecode.swift; path = ImageFilterProtocol.swift; sourceTree = "<group>"; };
		D5B0402D24FED3530023E5DE /* ImageFilterManager.swift */ = {isa = PBXFileReference; lastKnownFileType = sourcecode.swift; path = ImageFilterManager.swift; sourceTree = "<group>"; };
		D5C765D424F3F6A500495553 /* CollectionModuleInput.swift */ = {isa = PBXFileReference; lastKnownFileType = sourcecode.swift; path = CollectionModuleInput.swift; sourceTree = "<group>"; };
		D5C765D624F3F6BB00495553 /* CollectionModuleOutput.swift */ = {isa = PBXFileReference; lastKnownFileType = sourcecode.swift; path = CollectionModuleOutput.swift; sourceTree = "<group>"; };
		D5E96DB324E3F5F800C49255 /* MainInteractorTest.swift */ = {isa = PBXFileReference; lastKnownFileType = sourcecode.swift; path = MainInteractorTest.swift; sourceTree = "<group>"; };
		D5E96DB724E3F71E00C49255 /* NetwokServceMock.swift */ = {isa = PBXFileReference; lastKnownFileType = sourcecode.swift; path = NetwokServceMock.swift; sourceTree = "<group>"; };
		D5E96DBB24E41EA400C49255 /* MainInteractorOutputSpy.swift */ = {isa = PBXFileReference; lastKnownFileType = sourcecode.swift; path = MainInteractorOutputSpy.swift; sourceTree = "<group>"; };
		D5E96DBD24E4257D00C49255 /* FileProviderMock.swift */ = {isa = PBXFileReference; lastKnownFileType = sourcecode.swift; path = FileProviderMock.swift; sourceTree = "<group>"; };
/* End PBXFileReference section */

/* Begin PBXFrameworksBuildPhase section */
		D50F51AB24E275DC0042BAD2 /* Frameworks */ = {
			isa = PBXFrameworksBuildPhase;
			buildActionMask = 2147483647;
			files = (
			);
			runOnlyForDeploymentPostprocessing = 0;
		};
		D56A28FE24D42DEB00178564 /* Frameworks */ = {
			isa = PBXFrameworksBuildPhase;
			buildActionMask = 2147483647;
			files = (
				4F188A2D6393B40C0F9F3F2B /* Pods_ViperPicturesDownloader.framework in Frameworks */,
			);
			runOnlyForDeploymentPostprocessing = 0;
		};
/* End PBXFrameworksBuildPhase section */

/* Begin PBXGroup section */
		61D3655B247CA3B0008BD296 /* Frameworks */ = {
			isa = PBXGroup;
			children = (
				ABB78EE8CB53CC1D2BF018CD /* Pods_ViperPicturesDownloader.framework */,
			);
			name = Frameworks;
			sourceTree = "<group>";
		};
		6A80086DB1B34F46F3988580 /* Pods */ = {
			isa = PBXGroup;
			children = (
				C378E92C71E5A248718810BA /* Pods-ViperPicturesDownloader.debug.xcconfig */,
				32179CF329B2741EBAA48969 /* Pods-ViperPicturesDownloader.release.xcconfig */,
			);
			path = Pods;
			sourceTree = "<group>";
		};
		D50F508E24D8521C0042BAD2 /* Network */ = {
			isa = PBXGroup;
			children = (
				D50F508C24D851FE0042BAD2 /* NetworkService.swift */,
				D50F509524D8523B0042BAD2 /* NetworkServiceProtocol.swift */,
			);
			path = Network;
			sourceTree = "<group>";
		};
		D50F50AC24D852AC0042BAD2 /* Services */ = {
			isa = PBXGroup;
			children = (
				D50F508E24D8521C0042BAD2 /* Network */,
				D50F50B224D853920042BAD2 /* Encryption */,
				D50F516524E15A040042BAD2 /* FileProvider */,
				D50F516624E15A140042BAD2 /* ImageNameManager */,
				D50F516824E15A300042BAD2 /* ImageResizer */,
				D50F516B24E15A630042BAD2 /* UserDefaultsWork */,
				D5581A8724E7170B00958537 /* ImageFilter */,
			);
			path = Services;
			sourceTree = "<group>";
		};
		D50F50AD24D852D60042BAD2 /* Extensions */ = {
			isa = PBXGroup;
			children = (
				D50F50B024D853880042BAD2 /* CGSizeStringExtension.swift */,
				D50F50AE24D8530A0042BAD2 /* UIImageResizeExtension.swift */,
				D5581A8A24E718F400958537 /* UIimageViewBlurEffect.swift */,
			);
			path = Extensions;
			sourceTree = "<group>";
		};
		D50F50B224D853920042BAD2 /* Encryption */ = {
			isa = PBXGroup;
			children = (
				D50F50B424D853C20042BAD2 /* EncryptionManager.swift */,
				D50F50BC24D996B50042BAD2 /* EncryptionManagerProtocol.swift */,
				D50F50B524D853C20042BAD2 /* EncryptionWork.swift */,
				D50F50B324D853C20042BAD2 /* KeyForEncrypte.swift */,
			);
			path = Encryption;
			sourceTree = "<group>";
		};
		D50F50BB24D963420042BAD2 /* View */ = {
			isa = PBXGroup;
			children = (
				D50F517924E16C040042BAD2 /* TableDataSource */,
				D50F517824E16BF80042BAD2 /* TableDelegate */,
				D50F517E24E1794F0042BAD2 /* Table */,
				D56A290824D42DEB00178564 /* MainViewController.swift */,
				D50F516C24E15DA40042BAD2 /* MainViewInput.swift */,
				D50F516E24E1608C0042BAD2 /* MainViewOutput.swift */,
			);
			path = View;
			sourceTree = "<group>";
		};
		D50F50C124DAB4DD0042BAD2 /* Image */ = {
			isa = PBXGroup;
			children = (
				D50F50CE24DAB9EA0042BAD2 /* View */,
				D50F515924E157300042BAD2 /* Presenter */,
				D50F515C24E1574F0042BAD2 /* Interactor */,
				D50F515F24E1576E0042BAD2 /* Router */,
				D50F516224E157890042BAD2 /* Configurator */,
			);
			path = Image;
			sourceTree = "<group>";
		};
		D50F50CE24DAB9EA0042BAD2 /* View */ = {
			isa = PBXGroup;
			children = (
				D55FB18B24EAA8BA00BF0249 /* CollectionDataSource */,
				D55FB18C24EAA8C000BF0249 /* CollectionDelegate */,
				D55FB18824EAA62D00BF0249 /* FilterCollection */,
				D50F50C224DAB5560042BAD2 /* ImageViewController.swift */,
				D50F51B824E27F8C0042BAD2 /* ImageViewInput.swift */,
				D50F51BA24E27F990042BAD2 /* ImageViewOutput.swift */,
			);
			path = View;
			sourceTree = "<group>";
		};
		D50F50D124DAE4670042BAD2 /* Collection */ = {
			isa = PBXGroup;
			children = (
				D50F50DE24DAE9240042BAD2 /* View */,
				D50F514B24E1564F0042BAD2 /* Presenter */,
				D50F514E24E156750042BAD2 /* Interactor */,
				D50F515124E1569A0042BAD2 /* Router */,
				D50F515424E156C30042BAD2 /* Configurator */,
			);
			path = Collection;
			sourceTree = "<group>";
		};
		D50F50DE24DAE9240042BAD2 /* View */ = {
			isa = PBXGroup;
			children = (
				D50F517F24E17D550042BAD2 /* CollectionDataSource */,
				D50F518024E17D690042BAD2 /* CollectionDelegate */,
				D50F518124E17D7B0042BAD2 /* Collection */,
				D50F50D224DAE4980042BAD2 /* CollectionViewController.swift */,
				D50F518224E17DC00042BAD2 /* CollectionViewInput.swift */,
				D50F518424E17DDB0042BAD2 /* CollectionViewOutput.swift */,
			);
			path = View;
			sourceTree = "<group>";
		};
		D50F513C24E154860042BAD2 /* Presenter */ = {
			isa = PBXGroup;
			children = (
				D56A291924D431E500178564 /* MainPresenter.swift */,
			);
			path = Presenter;
			sourceTree = "<group>";
		};
		D50F513F24E154AF0042BAD2 /* Interactor */ = {
			isa = PBXGroup;
			children = (
				D56A291B24D431FF00178564 /* MainInteractor.swift */,
				D50F517C24E172E90042BAD2 /* MainInteractorInput.swift */,
				D50F517A24E172DA0042BAD2 /* MainInteractorOutput.swift */,
			);
			path = Interactor;
			sourceTree = "<group>";
		};
		D50F514224E154D60042BAD2 /* Router */ = {
			isa = PBXGroup;
			children = (
				D56A291D24D4320D00178564 /* MainRouter.swift */,
				D50F514324E154EC0042BAD2 /* MainRouterInput.swift */,
			);
			path = Router;
			sourceTree = "<group>";
		};
		D50F514524E154FD0042BAD2 /* Configurator */ = {
			isa = PBXGroup;
			children = (
				D56A291F24D4321F00178564 /* MainConfigurator.swift */,
				D50F514624E155100042BAD2 /* MainConfiguratorProtocol.swift */,
			);
			path = Configurator;
			sourceTree = "<group>";
		};
		D50F514824E1552E0042BAD2 /* Entities */ = {
			isa = PBXGroup;
			children = (
				D50F506624D847350042BAD2 /* Entity.swift */,
			);
			path = Entities;
			sourceTree = "<group>";
		};
		D50F514B24E1564F0042BAD2 /* Presenter */ = {
			isa = PBXGroup;
			children = (
				D50F50D424DAE4B60042BAD2 /* CollectionPresenter.swift */,
				D5C765D424F3F6A500495553 /* CollectionModuleInput.swift */,
				D5C765D624F3F6BB00495553 /* CollectionModuleOutput.swift */,
			);
			path = Presenter;
			sourceTree = "<group>";
		};
		D50F514E24E156750042BAD2 /* Interactor */ = {
			isa = PBXGroup;
			children = (
				D50F50D624DAE4E30042BAD2 /* CollectionInteractor.swift */,
				D50F518A24E181360042BAD2 /* CollectionInteractorInput.swift */,
				D50F518C24E1814C0042BAD2 /* CollectionInteractorOutput.swift */,
			);
			path = Interactor;
			sourceTree = "<group>";
		};
		D50F515124E1569A0042BAD2 /* Router */ = {
			isa = PBXGroup;
			children = (
				D50F50D824DAE4FB0042BAD2 /* CollectionRouter.swift */,
				D50F515224E156B70042BAD2 /* CollectionRouterInput.swift */,
			);
			path = Router;
			sourceTree = "<group>";
		};
		D50F515424E156C30042BAD2 /* Configurator */ = {
			isa = PBXGroup;
			children = (
				D50F50DA24DAE5150042BAD2 /* CollectionConfigurator.swift */,
				D50F515524E156DF0042BAD2 /* CollectionConfiguratorProtocol.swift */,
			);
			path = Configurator;
			sourceTree = "<group>";
		};
		D50F515924E157300042BAD2 /* Presenter */ = {
			isa = PBXGroup;
			children = (
				D50F50C424DAB57A0042BAD2 /* ImagePresenter.swift */,
				D55FB19524EBC0CE00BF0249 /* ImageModuleInput.swift */,
				D55FB19724EBC0E100BF0249 /* ImageModuleOutput.swift */,
			);
			path = Presenter;
			sourceTree = "<group>";
		};
		D50F515C24E1574F0042BAD2 /* Interactor */ = {
			isa = PBXGroup;
			children = (
				D50F50C624DAB5920042BAD2 /* ImageInteractor.swift */,
				D50F51BC24E280170042BAD2 /* ImageInteractorInput.swift */,
				D50F51BE24E280220042BAD2 /* ImageInteractorOutput.swift */,
			);
			path = Interactor;
			sourceTree = "<group>";
		};
		D50F515F24E1576E0042BAD2 /* Router */ = {
			isa = PBXGroup;
			children = (
				D50F50C824DAB5A20042BAD2 /* ImageRouter.swift */,
				D50F516024E1577E0042BAD2 /* ImageRouterInput.swift */,
			);
			path = Router;
			sourceTree = "<group>";
		};
		D50F516224E157890042BAD2 /* Configurator */ = {
			isa = PBXGroup;
			children = (
				D50F50CA24DAB5B30042BAD2 /* ImageConfigurator.swift */,
				D50F516324E1579F0042BAD2 /* ImageConfiguratorProtocol.swift */,
			);
			path = Configurator;
			sourceTree = "<group>";
		};
		D50F516524E15A040042BAD2 /* FileProvider */ = {
			isa = PBXGroup;
			children = (
				D50F50A024D852A20042BAD2 /* FileProvider.swift */,
				D50F509024D8523A0042BAD2 /* FileProviderProtocol.swift */,
			);
			path = FileProvider;
			sourceTree = "<group>";
		};
		D50F516624E15A140042BAD2 /* ImageNameManager */ = {
			isa = PBXGroup;
			children = (
				D50F50A124D852A30042BAD2 /* ImageNameManager.swift */,
				D50F508F24D8523A0042BAD2 /* ImageNameManagerProtocol.swift */,
			);
			path = ImageNameManager;
			sourceTree = "<group>";
		};
		D50F516824E15A300042BAD2 /* ImageResizer */ = {
			isa = PBXGroup;
			children = (
				D50F50A424D852A30042BAD2 /* ImageResizer.swift */,
				D50F509224D8523A0042BAD2 /* ImageResizerProtocol.swift */,
			);
			path = ImageResizer;
			sourceTree = "<group>";
		};
		D50F516B24E15A630042BAD2 /* UserDefaultsWork */ = {
			isa = PBXGroup;
			children = (
				D50F509E24D852A20042BAD2 /* UserDefaultsWork.swift */,
				D50F50BE24D9A8710042BAD2 /* UserDefaultsWorkProtocol.swift */,
			);
			path = UserDefaultsWork;
			sourceTree = "<group>";
		};
		D50F517824E16BF80042BAD2 /* TableDelegate */ = {
			isa = PBXGroup;
			children = (
				D50F50B924D95D360042BAD2 /* CustomTableViewDelegate.swift */,
				D50F517624E16BA90042BAD2 /* TableViewDelegateOutput.swift */,
			);
			path = TableDelegate;
			sourceTree = "<group>";
		};
		D50F517924E16C040042BAD2 /* TableDataSource */ = {
			isa = PBXGroup;
			children = (
				D50F506424D8356D0042BAD2 /* CustomTableViewDataSource.swift */,
				D50F517424E16B150042BAD2 /* TableViewDataSourceOutput.swift */,
			);
			path = TableDataSource;
			sourceTree = "<group>";
		};
		D50F517E24E1794F0042BAD2 /* Table */ = {
			isa = PBXGroup;
			children = (
				D50F505E24D827840042BAD2 /* CustomTableView.swift */,
				D50F506024D827BB0042BAD2 /* CustomTableViewCell.swift */,
			);
			path = Table;
			sourceTree = "<group>";
		};
		D50F517F24E17D550042BAD2 /* CollectionDataSource */ = {
			isa = PBXGroup;
			children = (
				D50F50E324DAEA130042BAD2 /* CustomCollectionViewDataSource.swift */,
				D50F518624E1807C0042BAD2 /* CollectionViewDataSourceOutput.swift */,
			);
			path = CollectionDataSource;
			sourceTree = "<group>";
		};
		D50F518024E17D690042BAD2 /* CollectionDelegate */ = {
			isa = PBXGroup;
			children = (
				D50F50E524DAEA240042BAD2 /* CustomCollectionDelegate.swift */,
				D50F518824E1808C0042BAD2 /* CollectionViewDelegateOutput.swift */,
			);
			path = CollectionDelegate;
			sourceTree = "<group>";
		};
		D50F518124E17D7B0042BAD2 /* Collection */ = {
			isa = PBXGroup;
			children = (
				D50F50DF24DAE9870042BAD2 /* CustomCollectionView.swift */,
				D50F50E124DAE9C40042BAD2 /* CustomCollectionViewCell.swift */,
				D50F50A224D852A30042BAD2 /* ZoomAndSnapFlowLayout.swift */,
			);
			path = Collection;
			sourceTree = "<group>";
		};
		D50F51AF24E275DC0042BAD2 /* ViperPicturesDownloaderTests */ = {
			isa = PBXGroup;
			children = (
				D51C7F3024E709F9001541F7 /* Services */,
				D51C7F3924E70BD6001541F7 /* Main */,
				D50F51B224E275DC0042BAD2 /* Info.plist */,
			);
			path = ViperPicturesDownloaderTests;
			sourceTree = "<group>";
		};
		D51C7F1224E674E3001541F7 /* ServicesTests */ = {
			isa = PBXGroup;
			children = (
				D51C7F1324E676F3001541F7 /* NetworkServiceTests.swift */,
				D50F51B024E275DC0042BAD2 /* FileProviderTest.swift */,
				D51C7F1D24E68FCE001541F7 /* ImageNameManagerTest.swift */,
				D51C7F1F24E6BB99001541F7 /* ImageResizerTests.swift */,
				D51C7F2824E6F33C001541F7 /* UserDefaultsWorkTest.swift */,
			);
			path = ServicesTests;
			sourceTree = "<group>";
		};
		D51C7F3024E709F9001541F7 /* Services */ = {
			isa = PBXGroup;
			children = (
				D51C7F1224E674E3001541F7 /* ServicesTests */,
				D565EA4B24E5610F008897A6 /* ServicesMocks */,
			);
			path = Services;
			sourceTree = "<group>";
		};
		D51C7F3124E70A9F001541F7 /* Table */ = {
			isa = PBXGroup;
			children = (
				D51C7F3724E70BB4001541F7 /* DataSource */,
				D51C7F3824E70BC0001541F7 /* Delegate */,
				D5845CF424E3D7F200E2A695 /* MainTableCellTest.swift */,
				D51C7F2A24E6F7B8001541F7 /* TableViewMock.swift */,
			);
			path = Table;
			sourceTree = "<group>";
		};
		D51C7F3224E70B1E001541F7 /* Router */ = {
			isa = PBXGroup;
			children = (
				D51C7F1024E5CB00001541F7 /* MainRouterTests.swift */,
				D51C7F0E24E5C218001541F7 /* MainRouterInputSpy.swift */,
			);
			path = Router;
			sourceTree = "<group>";
		};
		D51C7F3324E70B49001541F7 /* View */ = {
			isa = PBXGroup;
			children = (
				D51C7F3124E70A9F001541F7 /* Table */,
				D51C7F0224E58363001541F7 /* MainViewControllerTest.swift */,
				D51C7F0024E5817D001541F7 /* MainViewInputSpy.swift */,
				D51C7F0424E584EB001541F7 /* MainViewOutPutSpy.swift */,
			);
			path = View;
			sourceTree = "<group>";
		};
		D51C7F3424E70B61001541F7 /* Presenter */ = {
			isa = PBXGroup;
			children = (
				D51C7EFC24E58133001541F7 /* MainPresenterTest.swift */,
			);
			path = Presenter;
			sourceTree = "<group>";
		};
		D51C7F3524E70B6E001541F7 /* Interactor */ = {
			isa = PBXGroup;
			children = (
				D5E96DB324E3F5F800C49255 /* MainInteractorTest.swift */,
				D5E96DBB24E41EA400C49255 /* MainInteractorOutputSpy.swift */,
				D51C7EFE24E5816A001541F7 /* MainInteractorInputSpy.swift */,
			);
			path = Interactor;
			sourceTree = "<group>";
		};
		D51C7F3624E70B82001541F7 /* Configurator */ = {
			isa = PBXGroup;
			children = (
				D51C7F0C24E5B979001541F7 /* MainConfiguratorMock.swift */,
			);
			path = Configurator;
			sourceTree = "<group>";
		};
		D51C7F3724E70BB4001541F7 /* DataSource */ = {
			isa = PBXGroup;
			children = (
				D51C7F2C24E6F80D001541F7 /* CustomTableViewDataSourceTest.swift */,
				D51C7F0624E58DA9001541F7 /* TableViewDataSourceOutPutSpy.swift */,
			);
			path = DataSource;
			sourceTree = "<group>";
		};
		D51C7F3824E70BC0001541F7 /* Delegate */ = {
			isa = PBXGroup;
			children = (
				D51C7F2E24E7043D001541F7 /* CustomTableViewDelegateTest.swift */,
				D51C7F0824E58E3F001541F7 /* TableViewDelegateOutputSpy.swift */,
			);
			path = Delegate;
			sourceTree = "<group>";
		};
		D51C7F3924E70BD6001541F7 /* Main */ = {
			isa = PBXGroup;
			children = (
				D5845CF624E3DB5A00E2A695 /* MainViewControllerBuild.swift */,
				D51C7F3324E70B49001541F7 /* View */,
				D51C7F3424E70B61001541F7 /* Presenter */,
				D51C7F3524E70B6E001541F7 /* Interactor */,
				D51C7F3224E70B1E001541F7 /* Router */,
				D51C7F3624E70B82001541F7 /* Configurator */,
			);
			path = Main;
			sourceTree = "<group>";
		};
		D535F7ED24F7E9C8001AEDA4 /* CommonEntity */ = {
			isa = PBXGroup;
			children = (
				D5B0400C24FD45A90023E5DE /* FilterSettings.swift */,
				D5B0400E24FD45C20023E5DE /* ParametersForSlider.swift */,
				D5B0401024FD45D00023E5DE /* FilterParameter.swift */,
				D5B0401224FD45E10023E5DE /* ImageModel.swift */,
				D5B0401524FD45F40023E5DE /* ImageSize.swift */,
				D5B0401724FD46120023E5DE /* ImageFormat.swift */,
			);
			path = CommonEntity;
			sourceTree = "<group>";
		};
		D535F7F224F800A2001AEDA4 /* ImageFilters */ = {
			isa = PBXGroup;
			children = (
				D5B0402B24FE8B5E0023E5DE /* ImageFilterProtocol.swift */,
				D5B0401924FE887F0023E5DE /* WithoutFilter.swift */,
				D5B0401B24FE88930023E5DE /* SepiaToneFilter.swift */,
				D5B0401D24FE88E80023E5DE /* ColorControlsFilter.swift */,
				D5B0402124FE89080023E5DE /* NoirFilter.swift */,
				D5B0401F24FE88F70023E5DE /* EdgesFilter.swift */,
				D5B0402324FE891E0023E5DE /* GaussianBlurFilter.swift */,
				D5B0402524FE892E0023E5DE /* PinkCrossPolynomial.swift */,
				D5B0402724FE893D0023E5DE /* SpotColorFilter.swift */,
			);
			path = ImageFilters;
			sourceTree = "<group>";
		};
		D535F7F324F800B2001AEDA4 /* ImageFilterManager */ = {
			isa = PBXGroup;
			children = (
				D5B0402D24FED3530023E5DE /* ImageFilterManager.swift */,
			);
			path = ImageFilterManager;
			sourceTree = "<group>";
		};
		D5581A8724E7170B00958537 /* ImageFilter */ = {
			isa = PBXGroup;
			children = (
				D535F7F224F800A2001AEDA4 /* ImageFilters */,
				D535F7F324F800B2001AEDA4 /* ImageFilterManager */,
			);
			path = ImageFilter;
			sourceTree = "<group>";
		};
		D55FB18824EAA62D00BF0249 /* FilterCollection */ = {
			isa = PBXGroup;
			children = (
				D55FB18624EAA62800BF0249 /* FilterCollectionView.swift */,
				D55FB18924EAA77A00BF0249 /* FilterCollectionViewCell.swift */,
			);
			path = FilterCollection;
			sourceTree = "<group>";
		};
		D55FB18B24EAA8BA00BF0249 /* CollectionDataSource */ = {
			isa = PBXGroup;
			children = (
				D55FB18D24EAA8F500BF0249 /* FilterCollectionDataSource.swift */,
				D55FB18F24EAA9DB00BF0249 /* FilterCollectionDataSourceOutput.swift */,
			);
			path = CollectionDataSource;
			sourceTree = "<group>";
		};
		D55FB18C24EAA8C000BF0249 /* CollectionDelegate */ = {
			isa = PBXGroup;
			children = (
				D55FB19124EAA9F600BF0249 /* FilterCollectionViewDelegate.swift */,
				D55FB19324EAAA0900BF0249 /* FilterCollectionViewDelegateOutput.swift */,
			);
			path = CollectionDelegate;
			sourceTree = "<group>";
		};
		D565EA4B24E5610F008897A6 /* ServicesMocks */ = {
			isa = PBXGroup;
			children = (
				D5E96DB724E3F71E00C49255 /* NetwokServceMock.swift */,
				D565EA4924E5600F008897A6 /* EncryptionManagerMock.swift */,
				D5E96DBD24E4257D00C49255 /* FileProviderMock.swift */,
				D565EA4C24E56141008897A6 /* ImageNameManagerMock.swift */,
				D565EA4E24E56198008897A6 /* ImageResizerMock.swift */,
				D565EA5224E56241008897A6 /* UserDefaultsWorkMock.swift */,
				D51C7F1524E67AFC001541F7 /* URLSessionDataTaskMock.swift */,
				D51C7F1724E67B15001541F7 /* URLSessionMock.swift */,
				D51C7F1924E68B8D001541F7 /* UserDefaultsMock.swift */,
				D5B03FE824F912780023E5DE /* FileManagerMock.swift */,
			);
			path = ServicesMocks;
			sourceTree = "<group>";
		};
		D56A28F824D42DEB00178564 = {
			isa = PBXGroup;
			children = (
				D56A290324D42DEB00178564 /* ViperPicturesDownloader */,
				D50F51AF24E275DC0042BAD2 /* ViperPicturesDownloaderTests */,
				D56A290224D42DEB00178564 /* Products */,
				6A80086DB1B34F46F3988580 /* Pods */,
				61D3655B247CA3B0008BD296 /* Frameworks */,
			);
			sourceTree = "<group>";
		};
		D56A290224D42DEB00178564 /* Products */ = {
			isa = PBXGroup;
			children = (
				D56A290124D42DEB00178564 /* ViperPicturesDownloader.app */,
				D50F51AE24E275DC0042BAD2 /* ViperPicturesDownloaderTests.xctest */,
			);
			name = Products;
			sourceTree = "<group>";
		};
		D56A290324D42DEB00178564 /* ViperPicturesDownloader */ = {
			isa = PBXGroup;
			children = (
				D56A290424D42DEB00178564 /* AppDelegate.swift */,
				D56A290624D42DEB00178564 /* SceneDelegate.swift */,
				D520450325023CE1007B746A /* PopAnimator.swift */,
				D50F50AD24D852D60042BAD2 /* Extensions */,
				D58BAC6324EFC5A2006A3DB4 /* Helpers */,
				D535F7ED24F7E9C8001AEDA4 /* CommonEntity */,
				D50F50AC24D852AC0042BAD2 /* Services */,
				D56A291824D431CA00178564 /* Main */,
				D50F50D124DAE4670042BAD2 /* Collection */,
				D50F50C124DAB4DD0042BAD2 /* Image */,
				D56A290A24D42DEB00178564 /* Main.storyboard */,
				D56A290D24D42DED00178564 /* Assets.xcassets */,
				D56A290F24D42DED00178564 /* LaunchScreen.storyboard */,
				D56A291224D42DED00178564 /* Info.plist */,
			);
			path = ViperPicturesDownloader;
			sourceTree = "<group>";
		};
		D56A291824D431CA00178564 /* Main */ = {
			isa = PBXGroup;
			children = (
				D50F50BB24D963420042BAD2 /* View */,
				D50F513C24E154860042BAD2 /* Presenter */,
				D50F513F24E154AF0042BAD2 /* Interactor */,
				D50F514224E154D60042BAD2 /* Router */,
				D50F514524E154FD0042BAD2 /* Configurator */,
				D50F514824E1552E0042BAD2 /* Entities */,
			);
			path = Main;
			sourceTree = "<group>";
		};
		D58BAC6224EFC58F006A3DB4 /* AlertHelper */ = {
			isa = PBXGroup;
			children = (
				D58BAC5E24EFBBB7006A3DB4 /* AlertHelper.swift */,
				D58BAC6024EFBE70006A3DB4 /* AlertHelperProtocol.swift */,
			);
			path = AlertHelper;
			sourceTree = "<group>";
		};
		D58BAC6324EFC5A2006A3DB4 /* Helpers */ = {
			isa = PBXGroup;
			children = (
				D58BAC6224EFC58F006A3DB4 /* AlertHelper */,
			);
			path = Helpers;
			sourceTree = "<group>";
		};
/* End PBXGroup section */

/* Begin PBXNativeTarget section */
		D50F51AD24E275DC0042BAD2 /* ViperPicturesDownloaderTests */ = {
			isa = PBXNativeTarget;
			buildConfigurationList = D50F51B724E275DC0042BAD2 /* Build configuration list for PBXNativeTarget "ViperPicturesDownloaderTests" */;
			buildPhases = (
				D50F51AA24E275DC0042BAD2 /* Sources */,
				D50F51AB24E275DC0042BAD2 /* Frameworks */,
				D50F51AC24E275DC0042BAD2 /* Resources */,
			);
			buildRules = (
			);
			dependencies = (
				D50F51B424E275DC0042BAD2 /* PBXTargetDependency */,
			);
			name = ViperPicturesDownloaderTests;
			productName = ViperPicturesDownloaderTests;
			productReference = D50F51AE24E275DC0042BAD2 /* ViperPicturesDownloaderTests.xctest */;
			productType = "com.apple.product-type.bundle.unit-test";
		};
		D56A290024D42DEB00178564 /* ViperPicturesDownloader */ = {
			isa = PBXNativeTarget;
			buildConfigurationList = D56A291524D42DED00178564 /* Build configuration list for PBXNativeTarget "ViperPicturesDownloader" */;
			buildPhases = (
				7C6D970EC3AF833C17F217DD /* [CP] Check Pods Manifest.lock */,
				D56A28FD24D42DEB00178564 /* Sources */,
				D56A28FE24D42DEB00178564 /* Frameworks */,
				D56A28FF24D42DEB00178564 /* Resources */,
				6256168B3695861A17E96FF7 /* [CP] Embed Pods Frameworks */,
			);
			buildRules = (
			);
			dependencies = (
			);
			name = ViperPicturesDownloader;
			productName = viperPicturesDownloader;
			productReference = D56A290124D42DEB00178564 /* ViperPicturesDownloader.app */;
			productType = "com.apple.product-type.application";
		};
/* End PBXNativeTarget section */

/* Begin PBXProject section */
		D56A28F924D42DEB00178564 /* Project object */ = {
			isa = PBXProject;
			attributes = {
				LastSwiftUpdateCheck = 1130;
				LastUpgradeCheck = 1130;
				ORGANIZATIONNAME = 18579132;
				TargetAttributes = {
					D50F51AD24E275DC0042BAD2 = {
						CreatedOnToolsVersion = 11.3.1;
						TestTargetID = D56A290024D42DEB00178564;
					};
					D56A290024D42DEB00178564 = {
						CreatedOnToolsVersion = 11.3.1;
					};
				};
			};
			buildConfigurationList = D56A28FC24D42DEB00178564 /* Build configuration list for PBXProject "ViperPicturesDownloader" */;
			compatibilityVersion = "Xcode 9.3";
			developmentRegion = en;
			hasScannedForEncodings = 0;
			knownRegions = (
				en,
				Base,
			);
			mainGroup = D56A28F824D42DEB00178564;
			productRefGroup = D56A290224D42DEB00178564 /* Products */;
			projectDirPath = "";
			projectRoot = "";
			targets = (
				D56A290024D42DEB00178564 /* ViperPicturesDownloader */,
				D50F51AD24E275DC0042BAD2 /* ViperPicturesDownloaderTests */,
			);
		};
/* End PBXProject section */

/* Begin PBXResourcesBuildPhase section */
		D50F51AC24E275DC0042BAD2 /* Resources */ = {
			isa = PBXResourcesBuildPhase;
			buildActionMask = 2147483647;
			files = (
			);
			runOnlyForDeploymentPostprocessing = 0;
		};
		D56A28FF24D42DEB00178564 /* Resources */ = {
			isa = PBXResourcesBuildPhase;
			buildActionMask = 2147483647;
			files = (
				D56A291124D42DED00178564 /* LaunchScreen.storyboard in Resources */,
				D56A290E24D42DED00178564 /* Assets.xcassets in Resources */,
				D56A290C24D42DEB00178564 /* Main.storyboard in Resources */,
			);
			runOnlyForDeploymentPostprocessing = 0;
		};
/* End PBXResourcesBuildPhase section */

/* Begin PBXShellScriptBuildPhase section */
		6256168B3695861A17E96FF7 /* [CP] Embed Pods Frameworks */ = {
			isa = PBXShellScriptBuildPhase;
			buildActionMask = 2147483647;
			files = (
			);
			inputFileListPaths = (
				"${PODS_ROOT}/Target Support Files/Pods-ViperPicturesDownloader/Pods-ViperPicturesDownloader-frameworks-${CONFIGURATION}-input-files.xcfilelist",
			);
			name = "[CP] Embed Pods Frameworks";
			outputFileListPaths = (
				"${PODS_ROOT}/Target Support Files/Pods-ViperPicturesDownloader/Pods-ViperPicturesDownloader-frameworks-${CONFIGURATION}-output-files.xcfilelist",
			);
			runOnlyForDeploymentPostprocessing = 0;
			shellPath = /bin/sh;
			shellScript = "\"${PODS_ROOT}/Target Support Files/Pods-ViperPicturesDownloader/Pods-ViperPicturesDownloader-frameworks.sh\"\n";
			showEnvVarsInLog = 0;
		};
		7C6D970EC3AF833C17F217DD /* [CP] Check Pods Manifest.lock */ = {
			isa = PBXShellScriptBuildPhase;
			buildActionMask = 2147483647;
			files = (
			);
			inputFileListPaths = (
			);
			inputPaths = (
				"${PODS_PODFILE_DIR_PATH}/Podfile.lock",
				"${PODS_ROOT}/Manifest.lock",
			);
			name = "[CP] Check Pods Manifest.lock";
			outputFileListPaths = (
			);
			outputPaths = (
				"$(DERIVED_FILE_DIR)/Pods-ViperPicturesDownloader-checkManifestLockResult.txt",
			);
			runOnlyForDeploymentPostprocessing = 0;
			shellPath = /bin/sh;
			shellScript = "diff \"${PODS_PODFILE_DIR_PATH}/Podfile.lock\" \"${PODS_ROOT}/Manifest.lock\" > /dev/null\nif [ $? != 0 ] ; then\n    # print error to STDERR\n    echo \"error: The sandbox is not in sync with the Podfile.lock. Run 'pod install' or update your CocoaPods installation.\" >&2\n    exit 1\nfi\n# This output is used by Xcode 'outputs' to avoid re-running this script phase.\necho \"SUCCESS\" > \"${SCRIPT_OUTPUT_FILE_0}\"\n";
			showEnvVarsInLog = 0;
		};
/* End PBXShellScriptBuildPhase section */

/* Begin PBXSourcesBuildPhase section */
		D50F51AA24E275DC0042BAD2 /* Sources */ = {
			isa = PBXSourcesBuildPhase;
			buildActionMask = 2147483647;
			files = (
				D50F51B124E275DC0042BAD2 /* FileProviderTest.swift in Sources */,
				D51C7EFF24E5816A001541F7 /* MainInteractorInputSpy.swift in Sources */,
				D51C7F2F24E7043D001541F7 /* CustomTableViewDelegateTest.swift in Sources */,
				D51C7F1824E67B15001541F7 /* URLSessionMock.swift in Sources */,
				D5E96DBC24E41EA400C49255 /* MainInteractorOutputSpy.swift in Sources */,
				D51C7F0124E5817D001541F7 /* MainViewInputSpy.swift in Sources */,
				D51C7F0924E58E3F001541F7 /* TableViewDelegateOutputSpy.swift in Sources */,
				D5E96DBE24E4257D00C49255 /* FileProviderMock.swift in Sources */,
				D5845CF524E3D7F200E2A695 /* MainTableCellTest.swift in Sources */,
				D565EA4F24E56198008897A6 /* ImageResizerMock.swift in Sources */,
				D5E96DB824E3F71E00C49255 /* NetwokServceMock.swift in Sources */,
				D51C7F2924E6F33C001541F7 /* UserDefaultsWorkTest.swift in Sources */,
				D51C7F1424E676F3001541F7 /* NetworkServiceTests.swift in Sources */,
				D51C7F1124E5CB00001541F7 /* MainRouterTests.swift in Sources */,
				D51C7F0324E58363001541F7 /* MainViewControllerTest.swift in Sources */,
				D51C7F0F24E5C218001541F7 /* MainRouterInputSpy.swift in Sources */,
				D51C7F0724E58DA9001541F7 /* TableViewDataSourceOutPutSpy.swift in Sources */,
				D565EA5324E56241008897A6 /* UserDefaultsWorkMock.swift in Sources */,
				D5E96DB424E3F5F800C49255 /* MainInteractorTest.swift in Sources */,
				D5845CF724E3DB5A00E2A695 /* MainViewControllerBuild.swift in Sources */,
				D51C7F1E24E68FCE001541F7 /* ImageNameManagerTest.swift in Sources */,
				D5B03FE924F912780023E5DE /* FileManagerMock.swift in Sources */,
				D51C7F2B24E6F7B8001541F7 /* TableViewMock.swift in Sources */,
				D51C7F1624E67AFC001541F7 /* URLSessionDataTaskMock.swift in Sources */,
				D51C7F2024E6BB99001541F7 /* ImageResizerTests.swift in Sources */,
				D51C7F1A24E68B8D001541F7 /* UserDefaultsMock.swift in Sources */,
				D51C7F0524E584EB001541F7 /* MainViewOutPutSpy.swift in Sources */,
				D51C7F2D24E6F80D001541F7 /* CustomTableViewDataSourceTest.swift in Sources */,
				D565EA4A24E5600F008897A6 /* EncryptionManagerMock.swift in Sources */,
				D565EA4D24E56141008897A6 /* ImageNameManagerMock.swift in Sources */,
				D51C7F0D24E5B979001541F7 /* MainConfiguratorMock.swift in Sources */,
				D51C7EFD24E58133001541F7 /* MainPresenterTest.swift in Sources */,
			);
			runOnlyForDeploymentPostprocessing = 0;
		};
		D56A28FD24D42DEB00178564 /* Sources */ = {
			isa = PBXSourcesBuildPhase;
			buildActionMask = 2147483647;
			files = (
				D5C765D524F3F6A500495553 /* CollectionModuleInput.swift in Sources */,
				D50F50BD24D996B50042BAD2 /* EncryptionManagerProtocol.swift in Sources */,
				D50F50E224DAE9C40042BAD2 /* CustomCollectionViewCell.swift in Sources */,
				D50F517D24E172E90042BAD2 /* MainInteractorInput.swift in Sources */,
				D50F50A824D852A30042BAD2 /* ImageNameManager.swift in Sources */,
				D50F51B924E27F8C0042BAD2 /* ImageViewInput.swift in Sources */,
				D5B0402024FE88F70023E5DE /* EdgesFilter.swift in Sources */,
				D50F51BF24E280220042BAD2 /* ImageInteractorOutput.swift in Sources */,
				D50F516D24E15DA40042BAD2 /* MainViewInput.swift in Sources */,
				D50F506724D847350042BAD2 /* Entity.swift in Sources */,
				D50F50AF24D8530A0042BAD2 /* UIImageResizeExtension.swift in Sources */,
				D50F518924E1808C0042BAD2 /* CollectionViewDelegateOutput.swift in Sources */,
				D50F50E624DAEA240042BAD2 /* CustomCollectionDelegate.swift in Sources */,
				D50F509624D8523B0042BAD2 /* ImageNameManagerProtocol.swift in Sources */,
				D50F516124E1577E0042BAD2 /* ImageRouterInput.swift in Sources */,
				D50F518D24E1814C0042BAD2 /* CollectionInteractorOutput.swift in Sources */,
				D50F516F24E1608C0042BAD2 /* MainViewOutput.swift in Sources */,
				D50F50E424DAEA130042BAD2 /* CustomCollectionViewDataSource.swift in Sources */,
				D56A290924D42DEB00178564 /* MainViewController.swift in Sources */,
				D50F509C24D8523B0042BAD2 /* NetworkServiceProtocol.swift in Sources */,
				D50F50CB24DAB5B30042BAD2 /* ImageConfigurator.swift in Sources */,
				D50F506524D8356D0042BAD2 /* CustomTableViewDataSource.swift in Sources */,
				D50F515624E156DF0042BAD2 /* CollectionConfiguratorProtocol.swift in Sources */,
				D55FB18A24EAA77A00BF0249 /* FilterCollectionViewCell.swift in Sources */,
				D50F50AB24D852A30042BAD2 /* ImageResizer.swift in Sources */,
				D50F50E024DAE9870042BAD2 /* CustomCollectionView.swift in Sources */,
				D5B0402824FE893D0023E5DE /* SpotColorFilter.swift in Sources */,
				D50F50C324DAB5560042BAD2 /* ImageViewController.swift in Sources */,
				D50F517524E16B150042BAD2 /* TableViewDataSourceOutput.swift in Sources */,
				D5B0400F24FD45C20023E5DE /* ParametersForSlider.swift in Sources */,
				D50F514424E154EC0042BAD2 /* MainRouterInput.swift in Sources */,
				D50F50B724D853C20042BAD2 /* EncryptionManager.swift in Sources */,
				D50F51BD24E280170042BAD2 /* ImageInteractorInput.swift in Sources */,
				D58BAC6124EFBE70006A3DB4 /* AlertHelperProtocol.swift in Sources */,
				D50F518B24E181360042BAD2 /* CollectionInteractorInput.swift in Sources */,
				D5B0402E24FED3540023E5DE /* ImageFilterManager.swift in Sources */,
				D56A290524D42DEB00178564 /* AppDelegate.swift in Sources */,
				D5B0401A24FE887F0023E5DE /* WithoutFilter.swift in Sources */,
				D50F50DB24DAE5150042BAD2 /* CollectionConfigurator.swift in Sources */,
				D56A290724D42DEB00178564 /* SceneDelegate.swift in Sources */,
				D56A291C24D431FF00178564 /* MainInteractor.swift in Sources */,
				D55FB19824EBC0E100BF0249 /* ImageModuleOutput.swift in Sources */,
				D5B0401124FD45D00023E5DE /* FilterParameter.swift in Sources */,
				D50F50B124D853880042BAD2 /* CGSizeStringExtension.swift in Sources */,
				D50F505F24D827840042BAD2 /* CustomTableView.swift in Sources */,
				D50F50D724DAE4E30042BAD2 /* CollectionInteractor.swift in Sources */,
				D50F517724E16BA90042BAD2 /* TableViewDelegateOutput.swift in Sources */,
				D50F50D924DAE4FB0042BAD2 /* CollectionRouter.swift in Sources */,
				D58BAC5F24EFBBB7006A3DB4 /* AlertHelper.swift in Sources */,
				D50F517B24E172DA0042BAD2 /* MainInteractorOutput.swift in Sources */,
				D50F509724D8523B0042BAD2 /* FileProviderProtocol.swift in Sources */,
				D55FB19424EAAA0900BF0249 /* FilterCollectionViewDelegateOutput.swift in Sources */,
				D5581A8B24E718F400958537 /* UIimageViewBlurEffect.swift in Sources */,
				D50F50D324DAE4980042BAD2 /* CollectionViewController.swift in Sources */,
				D55FB19224EAA9F600BF0249 /* FilterCollectionViewDelegate.swift in Sources */,
				D50F518524E17DDB0042BAD2 /* CollectionViewOutput.swift in Sources */,
				D50F518724E1807C0042BAD2 /* CollectionViewDataSourceOutput.swift in Sources */,
				D5B0401624FD45F40023E5DE /* ImageSize.swift in Sources */,
				D50F506124D827BB0042BAD2 /* CustomTableViewCell.swift in Sources */,
				D5B0401824FD46120023E5DE /* ImageFormat.swift in Sources */,
				D50F514724E155100042BAD2 /* MainConfiguratorProtocol.swift in Sources */,
				D50F50A524D852A30042BAD2 /* UserDefaultsWork.swift in Sources */,
				D56A292024D4321F00178564 /* MainConfigurator.swift in Sources */,
				D5B0401324FD45E10023E5DE /* ImageModel.swift in Sources */,
				D50F50B624D853C20042BAD2 /* KeyForEncrypte.swift in Sources */,
				D56A291A24D431E500178564 /* MainPresenter.swift in Sources */,
				D5B0402624FE892E0023E5DE /* PinkCrossPolynomial.swift in Sources */,
				D50F508D24D851FE0042BAD2 /* NetworkService.swift in Sources */,
				D5B0402424FE891E0023E5DE /* GaussianBlurFilter.swift in Sources */,
				D50F50A924D852A30042BAD2 /* ZoomAndSnapFlowLayout.swift in Sources */,
				D55FB19624EBC0CE00BF0249 /* ImageModuleInput.swift in Sources */,
				D50F509924D8523B0042BAD2 /* ImageResizerProtocol.swift in Sources */,
				D50F50BF24D9A8710042BAD2 /* UserDefaultsWorkProtocol.swift in Sources */,
				D5B0402C24FE8B5E0023E5DE /* ImageFilterProtocol.swift in Sources */,
				D50F51BB24E27F990042BAD2 /* ImageViewOutput.swift in Sources */,
				D5B0400D24FD45A90023E5DE /* FilterSettings.swift in Sources */,
				D50F50C724DAB5930042BAD2 /* ImageInteractor.swift in Sources */,
				D50F50D524DAE4B60042BAD2 /* CollectionPresenter.swift in Sources */,
				D50F516424E1579F0042BAD2 /* ImageConfiguratorProtocol.swift in Sources */,
				D50F50C924DAB5A20042BAD2 /* ImageRouter.swift in Sources */,
				D50F50A724D852A30042BAD2 /* FileProvider.swift in Sources */,
				D5B0401E24FE88E80023E5DE /* ColorControlsFilter.swift in Sources */,
				D50F50B824D853C20042BAD2 /* EncryptionWork.swift in Sources */,
				D50F50C524DAB57A0042BAD2 /* ImagePresenter.swift in Sources */,
				D520450425023CE1007B746A /* PopAnimator.swift in Sources */,
				D50F518324E17DC00042BAD2 /* CollectionViewInput.swift in Sources */,
				D55FB18724EAA62800BF0249 /* FilterCollectionView.swift in Sources */,
				D55FB19024EAA9DB00BF0249 /* FilterCollectionDataSourceOutput.swift in Sources */,
				D5C765D724F3F6BB00495553 /* CollectionModuleOutput.swift in Sources */,
				D50F50BA24D95D360042BAD2 /* CustomTableViewDelegate.swift in Sources */,
				D50F515324E156B70042BAD2 /* CollectionRouterInput.swift in Sources */,
				D55FB18E24EAA8F500BF0249 /* FilterCollectionDataSource.swift in Sources */,
				D5B0402224FE89080023E5DE /* NoirFilter.swift in Sources */,
				D5B0401C24FE88930023E5DE /* SepiaToneFilter.swift in Sources */,
				D56A291E24D4320D00178564 /* MainRouter.swift in Sources */,
			);
			runOnlyForDeploymentPostprocessing = 0;
		};
/* End PBXSourcesBuildPhase section */

/* Begin PBXTargetDependency section */
		D50F51B424E275DC0042BAD2 /* PBXTargetDependency */ = {
			isa = PBXTargetDependency;
			target = D56A290024D42DEB00178564 /* ViperPicturesDownloader */;
			targetProxy = D50F51B324E275DC0042BAD2 /* PBXContainerItemProxy */;
		};
/* End PBXTargetDependency section */

/* Begin PBXVariantGroup section */
		D56A290A24D42DEB00178564 /* Main.storyboard */ = {
			isa = PBXVariantGroup;
			children = (
				D56A290B24D42DEB00178564 /* Base */,
			);
			name = Main.storyboard;
			sourceTree = "<group>";
		};
		D56A290F24D42DED00178564 /* LaunchScreen.storyboard */ = {
			isa = PBXVariantGroup;
			children = (
				D56A291024D42DED00178564 /* Base */,
			);
			name = LaunchScreen.storyboard;
			sourceTree = "<group>";
		};
/* End PBXVariantGroup section */

/* Begin XCBuildConfiguration section */
		D50F51B524E275DC0042BAD2 /* Debug */ = {
			isa = XCBuildConfiguration;
			buildSettings = {
				BUNDLE_LOADER = "$(TEST_HOST)";
				CODE_SIGN_STYLE = Automatic;
				DEVELOPMENT_TEAM = 5D5RK3QAMV;
				INFOPLIST_FILE = ViperPicturesDownloaderTests/Info.plist;
				LD_RUNPATH_SEARCH_PATHS = (
					"$(inherited)",
					"@executable_path/Frameworks",
					"@loader_path/Frameworks",
				);
				PRODUCT_BUNDLE_IDENTIFIER = NMZabludovskiy.ViperPicturesDownloaderTests;
				PRODUCT_NAME = "$(TARGET_NAME)";
				SWIFT_VERSION = 5.0;
				TARGETED_DEVICE_FAMILY = "1,2";
				TEST_HOST = "$(BUILT_PRODUCTS_DIR)/ViperPicturesDownloader.app/ViperPicturesDownloader";
			};
			name = Debug;
		};
		D50F51B624E275DC0042BAD2 /* Release */ = {
			isa = XCBuildConfiguration;
			buildSettings = {
				BUNDLE_LOADER = "$(TEST_HOST)";
				CODE_SIGN_STYLE = Automatic;
				DEVELOPMENT_TEAM = 5D5RK3QAMV;
				INFOPLIST_FILE = ViperPicturesDownloaderTests/Info.plist;
				LD_RUNPATH_SEARCH_PATHS = (
					"$(inherited)",
					"@executable_path/Frameworks",
					"@loader_path/Frameworks",
				);
				PRODUCT_BUNDLE_IDENTIFIER = NMZabludovskiy.ViperPicturesDownloaderTests;
				PRODUCT_NAME = "$(TARGET_NAME)";
				SWIFT_VERSION = 5.0;
				TARGETED_DEVICE_FAMILY = "1,2";
				TEST_HOST = "$(BUILT_PRODUCTS_DIR)/ViperPicturesDownloader.app/ViperPicturesDownloader";
			};
			name = Release;
		};
		D56A291324D42DED00178564 /* Debug */ = {
			isa = XCBuildConfiguration;
			buildSettings = {
				ALWAYS_SEARCH_USER_PATHS = NO;
				CLANG_ANALYZER_NONNULL = YES;
				CLANG_ANALYZER_NUMBER_OBJECT_CONVERSION = YES_AGGRESSIVE;
				CLANG_CXX_LANGUAGE_STANDARD = "gnu++14";
				CLANG_CXX_LIBRARY = "libc++";
				CLANG_ENABLE_MODULES = YES;
				CLANG_ENABLE_OBJC_ARC = YES;
				CLANG_ENABLE_OBJC_WEAK = YES;
				CLANG_WARN_BLOCK_CAPTURE_AUTORELEASING = YES;
				CLANG_WARN_BOOL_CONVERSION = YES;
				CLANG_WARN_COMMA = YES;
				CLANG_WARN_CONSTANT_CONVERSION = YES;
				CLANG_WARN_DEPRECATED_OBJC_IMPLEMENTATIONS = YES;
				CLANG_WARN_DIRECT_OBJC_ISA_USAGE = YES_ERROR;
				CLANG_WARN_DOCUMENTATION_COMMENTS = YES;
				CLANG_WARN_EMPTY_BODY = YES;
				CLANG_WARN_ENUM_CONVERSION = YES;
				CLANG_WARN_INFINITE_RECURSION = YES;
				CLANG_WARN_INT_CONVERSION = YES;
				CLANG_WARN_NON_LITERAL_NULL_CONVERSION = YES;
				CLANG_WARN_OBJC_IMPLICIT_RETAIN_SELF = YES;
				CLANG_WARN_OBJC_LITERAL_CONVERSION = YES;
				CLANG_WARN_OBJC_ROOT_CLASS = YES_ERROR;
				CLANG_WARN_RANGE_LOOP_ANALYSIS = YES;
				CLANG_WARN_STRICT_PROTOTYPES = YES;
				CLANG_WARN_SUSPICIOUS_MOVE = YES;
				CLANG_WARN_UNGUARDED_AVAILABILITY = YES_AGGRESSIVE;
				CLANG_WARN_UNREACHABLE_CODE = YES;
				CLANG_WARN__DUPLICATE_METHOD_MATCH = YES;
				COPY_PHASE_STRIP = NO;
				DEBUG_INFORMATION_FORMAT = dwarf;
				ENABLE_STRICT_OBJC_MSGSEND = YES;
				ENABLE_TESTABILITY = YES;
				GCC_C_LANGUAGE_STANDARD = gnu11;
				GCC_DYNAMIC_NO_PIC = NO;
				GCC_NO_COMMON_BLOCKS = YES;
				GCC_OPTIMIZATION_LEVEL = 0;
				GCC_PREPROCESSOR_DEFINITIONS = (
					"DEBUG=1",
					"$(inherited)",
				);
				GCC_WARN_64_TO_32_BIT_CONVERSION = YES;
				GCC_WARN_ABOUT_RETURN_TYPE = YES_ERROR;
				GCC_WARN_UNDECLARED_SELECTOR = YES;
				GCC_WARN_UNINITIALIZED_AUTOS = YES_AGGRESSIVE;
				GCC_WARN_UNUSED_FUNCTION = YES;
				GCC_WARN_UNUSED_VARIABLE = YES;
				IPHONEOS_DEPLOYMENT_TARGET = 13.2;
				MTL_ENABLE_DEBUG_INFO = INCLUDE_SOURCE;
				MTL_FAST_MATH = YES;
				ONLY_ACTIVE_ARCH = YES;
				SDKROOT = iphoneos;
				SWIFT_ACTIVE_COMPILATION_CONDITIONS = DEBUG;
				SWIFT_OPTIMIZATION_LEVEL = "-Onone";
			};
			name = Debug;
		};
		D56A291424D42DED00178564 /* Release */ = {
			isa = XCBuildConfiguration;
			buildSettings = {
				ALWAYS_SEARCH_USER_PATHS = NO;
				CLANG_ANALYZER_NONNULL = YES;
				CLANG_ANALYZER_NUMBER_OBJECT_CONVERSION = YES_AGGRESSIVE;
				CLANG_CXX_LANGUAGE_STANDARD = "gnu++14";
				CLANG_CXX_LIBRARY = "libc++";
				CLANG_ENABLE_MODULES = YES;
				CLANG_ENABLE_OBJC_ARC = YES;
				CLANG_ENABLE_OBJC_WEAK = YES;
				CLANG_WARN_BLOCK_CAPTURE_AUTORELEASING = YES;
				CLANG_WARN_BOOL_CONVERSION = YES;
				CLANG_WARN_COMMA = YES;
				CLANG_WARN_CONSTANT_CONVERSION = YES;
				CLANG_WARN_DEPRECATED_OBJC_IMPLEMENTATIONS = YES;
				CLANG_WARN_DIRECT_OBJC_ISA_USAGE = YES_ERROR;
				CLANG_WARN_DOCUMENTATION_COMMENTS = YES;
				CLANG_WARN_EMPTY_BODY = YES;
				CLANG_WARN_ENUM_CONVERSION = YES;
				CLANG_WARN_INFINITE_RECURSION = YES;
				CLANG_WARN_INT_CONVERSION = YES;
				CLANG_WARN_NON_LITERAL_NULL_CONVERSION = YES;
				CLANG_WARN_OBJC_IMPLICIT_RETAIN_SELF = YES;
				CLANG_WARN_OBJC_LITERAL_CONVERSION = YES;
				CLANG_WARN_OBJC_ROOT_CLASS = YES_ERROR;
				CLANG_WARN_RANGE_LOOP_ANALYSIS = YES;
				CLANG_WARN_STRICT_PROTOTYPES = YES;
				CLANG_WARN_SUSPICIOUS_MOVE = YES;
				CLANG_WARN_UNGUARDED_AVAILABILITY = YES_AGGRESSIVE;
				CLANG_WARN_UNREACHABLE_CODE = YES;
				CLANG_WARN__DUPLICATE_METHOD_MATCH = YES;
				COPY_PHASE_STRIP = NO;
				DEBUG_INFORMATION_FORMAT = "dwarf-with-dsym";
				ENABLE_NS_ASSERTIONS = NO;
				ENABLE_STRICT_OBJC_MSGSEND = YES;
				GCC_C_LANGUAGE_STANDARD = gnu11;
				GCC_NO_COMMON_BLOCKS = YES;
				GCC_WARN_64_TO_32_BIT_CONVERSION = YES;
				GCC_WARN_ABOUT_RETURN_TYPE = YES_ERROR;
				GCC_WARN_UNDECLARED_SELECTOR = YES;
				GCC_WARN_UNINITIALIZED_AUTOS = YES_AGGRESSIVE;
				GCC_WARN_UNUSED_FUNCTION = YES;
				GCC_WARN_UNUSED_VARIABLE = YES;
				IPHONEOS_DEPLOYMENT_TARGET = 13.2;
				MTL_ENABLE_DEBUG_INFO = NO;
				MTL_FAST_MATH = YES;
				SDKROOT = iphoneos;
				SWIFT_COMPILATION_MODE = wholemodule;
				SWIFT_OPTIMIZATION_LEVEL = "-O";
				VALIDATE_PRODUCT = YES;
			};
			name = Release;
		};
		D56A291624D42DED00178564 /* Debug */ = {
			isa = XCBuildConfiguration;
			baseConfigurationReference = C378E92C71E5A248718810BA /* Pods-ViperPicturesDownloader.debug.xcconfig */;
			buildSettings = {
				ASSETCATALOG_COMPILER_APPICON_NAME = AppIcon;
				CODE_SIGN_IDENTITY = "Apple Development";
				CODE_SIGN_STYLE = Automatic;
				DEVELOPMENT_TEAM = DFX963574W;
				INFOPLIST_FILE = ViperPicturesDownloader/Info.plist;
				LD_RUNPATH_SEARCH_PATHS = (
					"$(inherited)",
					"@executable_path/Frameworks",
				);
				PRODUCT_BUNDLE_IDENTIFIER = PicturesDownloader;
				PRODUCT_NAME = ViperPicturesDownloader;
				PROVISIONING_PROFILE_SPECIFIER = "";
				SWIFT_VERSION = 5.0;
				TARGETED_DEVICE_FAMILY = "1,2";
			};
			name = Debug;
		};
		D56A291724D42DED00178564 /* Release */ = {
			isa = XCBuildConfiguration;
			baseConfigurationReference = 32179CF329B2741EBAA48969 /* Pods-ViperPicturesDownloader.release.xcconfig */;
			buildSettings = {
				ASSETCATALOG_COMPILER_APPICON_NAME = AppIcon;
				CODE_SIGN_IDENTITY = "Apple Development";
				CODE_SIGN_STYLE = Automatic;
				DEVELOPMENT_TEAM = DFX963574W;
				INFOPLIST_FILE = ViperPicturesDownloader/Info.plist;
				LD_RUNPATH_SEARCH_PATHS = (
					"$(inherited)",
					"@executable_path/Frameworks",
				);
				PRODUCT_BUNDLE_IDENTIFIER = PicturesDownloader;
				PRODUCT_NAME = ViperPicturesDownloader;
				PROVISIONING_PROFILE_SPECIFIER = "";
				SWIFT_VERSION = 5.0;
				TARGETED_DEVICE_FAMILY = "1,2";
			};
			name = Release;
		};
/* End XCBuildConfiguration section */

/* Begin XCConfigurationList section */
		D50F51B724E275DC0042BAD2 /* Build configuration list for PBXNativeTarget "ViperPicturesDownloaderTests" */ = {
			isa = XCConfigurationList;
			buildConfigurations = (
				D50F51B524E275DC0042BAD2 /* Debug */,
				D50F51B624E275DC0042BAD2 /* Release */,
			);
			defaultConfigurationIsVisible = 0;
			defaultConfigurationName = Release;
		};
		D56A28FC24D42DEB00178564 /* Build configuration list for PBXProject "ViperPicturesDownloader" */ = {
			isa = XCConfigurationList;
			buildConfigurations = (
				D56A291324D42DED00178564 /* Debug */,
				D56A291424D42DED00178564 /* Release */,
			);
			defaultConfigurationIsVisible = 0;
			defaultConfigurationName = Release;
		};
		D56A291524D42DED00178564 /* Build configuration list for PBXNativeTarget "ViperPicturesDownloader" */ = {
			isa = XCConfigurationList;
			buildConfigurations = (
				D56A291624D42DED00178564 /* Debug */,
				D56A291724D42DED00178564 /* Release */,
			);
			defaultConfigurationIsVisible = 0;
			defaultConfigurationName = Release;
		};
/* End XCConfigurationList section */
	};
	rootObject = D56A28F924D42DEB00178564 /* Project object */;
}
